// !$*UTF8*$!
{
	archiveVersion = 1;
	classes = {
	};
	objectVersion = 46;
	objects = {

/* Begin PBXBuildFile section */
		6401F49A1BB52A78004E0163 /* Response.swift in Sources */ = {isa = PBXBuildFile; fileRef = 6401F4941BB52A78004E0163 /* Response.swift */; };
		6401F49C1BB52A78004E0163 /* Pack.swift in Sources */ = {isa = PBXBuildFile; fileRef = 6401F4961BB52A78004E0163 /* Pack.swift */; };
		6401F49E1BB52A78004E0163 /* Card.swift in Sources */ = {isa = PBXBuildFile; fileRef = 6401F4981BB52A78004E0163 /* Card.swift */; };
		642290BD1BCDC4ED00CD7898 /* NSUrl.swift in Sources */ = {isa = PBXBuildFile; fileRef = 642290BC1BCDC4ED00CD7898 /* NSUrl.swift */; };
		642354111BBDD12200B068DB /* DismissSegue.swift in Sources */ = {isa = PBXBuildFile; fileRef = 642354101BBDD12200B068DB /* DismissSegue.swift */; };
		642354161BBDFDD800B068DB /* Main.storyboard in Resources */ = {isa = PBXBuildFile; fileRef = 642354141BBDFDD800B068DB /* Main.storyboard */; };
		642354181BBE189100B068DB /* UserLoginController.swift in Sources */ = {isa = PBXBuildFile; fileRef = 642354171BBE189100B068DB /* UserLoginController.swift */; };
		64291C5F1BC595EB005AA348 /* UserResetController.swift in Sources */ = {isa = PBXBuildFile; fileRef = 64291C5E1BC595EB005AA348 /* UserResetController.swift */; };
		64291C611BC5A2CD005AA348 /* SaucyButton.swift in Sources */ = {isa = PBXBuildFile; fileRef = 64291C601BC5A2CD005AA348 /* SaucyButton.swift */; };
		64292E111BE2F3C60038505B /* CardTransitionManager.swift in Sources */ = {isa = PBXBuildFile; fileRef = 64292E101BE2F3C60038505B /* CardTransitionManager.swift */; };
		643C20401BE461CE00A89A3F /* UIColor.swift in Sources */ = {isa = PBXBuildFile; fileRef = 643C203F1BE461CE00A89A3F /* UIColor.swift */; };
		644C4A601BB20AFE00E4D52A /* PackSummaryCell.swift in Sources */ = {isa = PBXBuildFile; fileRef = 644C4A5F1BB20AFE00E4D52A /* PackSummaryCell.swift */; };
		644C4A621BB3516F00E4D52A /* CardController.swift in Sources */ = {isa = PBXBuildFile; fileRef = 644C4A611BB3516F00E4D52A /* CardController.swift */; };
		644C4A661BB3536E00E4D52A /* PackResultsController.swift in Sources */ = {isa = PBXBuildFile; fileRef = 644C4A651BB3536E00E4D52A /* PackResultsController.swift */; };
		64570BDC1BC64B4D00F9C6EB /* String.swift in Sources */ = {isa = PBXBuildFile; fileRef = 64570BDB1BC64B4D00F9C6EB /* String.swift */; };
		64570BDE1BC64C6100F9C6EB /* DialogController.swift in Sources */ = {isa = PBXBuildFile; fileRef = 64570BDD1BC64C6100F9C6EB /* DialogController.swift */; };
		64570BE01BC6F13400F9C6EB /* BetaSignupController.swift in Sources */ = {isa = PBXBuildFile; fileRef = 64570BDF1BC6F13400F9C6EB /* BetaSignupController.swift */; };
		649B093D1BE07C1700A3F9A4 /* CardSegue.swift in Sources */ = {isa = PBXBuildFile; fileRef = 649B093C1BE07C1700A3F9A4 /* CardSegue.swift */; };
		649B093F1BE08BE600A3F9A4 /* CardMultipleController.swift in Sources */ = {isa = PBXBuildFile; fileRef = 649B093E1BE08BE600A3F9A4 /* CardMultipleController.swift */; };
		649B09411BE08D8700A3F9A4 /* CardSelfController.swift in Sources */ = {isa = PBXBuildFile; fileRef = 649B09401BE08D8700A3F9A4 /* CardSelfController.swift */; };
		649B09431BE0970E00A3F9A4 /* CardTrueFalseController.swift in Sources */ = {isa = PBXBuildFile; fileRef = 649B09421BE0970E00A3F9A4 /* CardTrueFalseController.swift */; };
		649B09451BE12DA000A3F9A4 /* CardBlankController.swift in Sources */ = {isa = PBXBuildFile; fileRef = 649B09441BE12DA000A3F9A4 /* CardBlankController.swift */; };
		64C221461BC5CE4700069B10 /* UserSettingsContainerController.swift in Sources */ = {isa = PBXBuildFile; fileRef = 64C221451BC5CE4700069B10 /* UserSettingsContainerController.swift */; };
		64D0C0DB1BDFCECB006FEF44 /* Answer+CoreDataProperties.swift in Sources */ = {isa = PBXBuildFile; fileRef = 64D0C0D91BDFCECB006FEF44 /* Answer+CoreDataProperties.swift */; };
		64D0C0DC1BDFCECB006FEF44 /* Answer.swift in Sources */ = {isa = PBXBuildFile; fileRef = 64D0C0DA1BDFCECB006FEF44 /* Answer.swift */; };
		64D219E21BBB0CCB005F9094 /* User+CoreDataProperties.swift in Sources */ = {isa = PBXBuildFile; fileRef = 64D219DB1BBB0CCB005F9094 /* User+CoreDataProperties.swift */; };
		64D219E31BBB0CCB005F9094 /* User.swift in Sources */ = {isa = PBXBuildFile; fileRef = 64D219DC1BBB0CCB005F9094 /* User.swift */; };
		64D219E41BBB0CCB005F9094 /* Card+CoreDataProperties.swift in Sources */ = {isa = PBXBuildFile; fileRef = 64D219DD1BBB0CCB005F9094 /* Card+CoreDataProperties.swift */; };
		64D219E51BBB0CCB005F9094 /* Pack+CoreDataProperties.swift in Sources */ = {isa = PBXBuildFile; fileRef = 64D219DE1BBB0CCB005F9094 /* Pack+CoreDataProperties.swift */; };
		64D219E61BBB0CCB005F9094 /* UserPack+CoreDataProperties.swift in Sources */ = {isa = PBXBuildFile; fileRef = 64D219DF1BBB0CCB005F9094 /* UserPack+CoreDataProperties.swift */; };
		64D219E71BBB0CCB005F9094 /* UserPack.swift in Sources */ = {isa = PBXBuildFile; fileRef = 64D219E01BBB0CCB005F9094 /* UserPack.swift */; };
		64D219E81BBB0CCB005F9094 /* Response+CoreDataProperties.swift in Sources */ = {isa = PBXBuildFile; fileRef = 64D219E11BBB0CCB005F9094 /* Response+CoreDataProperties.swift */; };
		64D219EA1BBB2BCE005F9094 /* NSDate.swift in Sources */ = {isa = PBXBuildFile; fileRef = 64D219E91BBB2BCE005F9094 /* NSDate.swift */; };
		64D219EE1BBC62A7005F9094 /* AutoSizingTextView.swift in Sources */ = {isa = PBXBuildFile; fileRef = 64D219ED1BBC62A7005F9094 /* AutoSizingTextView.swift */; };
		64D219F01BBCAE34005F9094 /* UIViewController.swift in Sources */ = {isa = PBXBuildFile; fileRef = 64D219EF1BBCAE34005F9094 /* UIViewController.swift */; };
		64D219F21BBCD05F005F9094 /* UserInviteController.swift in Sources */ = {isa = PBXBuildFile; fileRef = 64D219F11BBCD05F005F9094 /* UserInviteController.swift */; };
		64D219F41BBCD133005F9094 /* UserRegisterController.swift in Sources */ = {isa = PBXBuildFile; fileRef = 64D219F31BBCD133005F9094 /* UserRegisterController.swift */; };
		64D580F31BB37962005EF7F2 /* StudySauce.xcdatamodeld in Sources */ = {isa = PBXBuildFile; fileRef = 64D580F11BB37962005EF7F2 /* StudySauce.xcdatamodeld */; };
		64ED1DB11BEB10AD00A9E2A2 /* HomeController.swift in Sources */ = {isa = PBXBuildFile; fileRef = 64ED1DB01BEB10AD00A9E2A2 /* HomeController.swift */; };
		64EF7D241BE88E730025E094 /* NSObject.swift in Sources */ = {isa = PBXBuildFile; fileRef = 64EF7D231BE88E730025E094 /* NSObject.swift */; };
		845052551BA4AA3B005377D9 /* AppDelegate.swift in Sources */ = {isa = PBXBuildFile; fileRef = 845052541BA4AA3B005377D9 /* AppDelegate.swift */; };
		845052571BA4AA3B005377D9 /* PackSummaryController.swift in Sources */ = {isa = PBXBuildFile; fileRef = 845052561BA4AA3B005377D9 /* PackSummaryController.swift */; };
		8450525E1BA4AA3B005377D9 /* Images.xcassets in Resources */ = {isa = PBXBuildFile; fileRef = 8450525D1BA4AA3B005377D9 /* Images.xcassets */; };
		845052611BA4AA3B005377D9 /* LaunchScreen.xib in Resources */ = {isa = PBXBuildFile; fileRef = 8450525F1BA4AA3B005377D9 /* LaunchScreen.xib */; };
		8450526D1BA4AA3C005377D9 /* StudySauceTests.swift in Sources */ = {isa = PBXBuildFile; fileRef = 8450526C1BA4AA3C005377D9 /* StudySauceTests.swift */; };
		9D764C551BC5C6AB00A54B4C /* ContactUsController.swift in Sources */ = {isa = PBXBuildFile; fileRef = 9D764C541BC5C6AB00A54B4C /* ContactUsController.swift */; };
		9DEAA8511BC3404600D3FFF7 /* UserSettingsController.swift in Sources */ = {isa = PBXBuildFile; fileRef = 9DEAA8501BC3404600D3FFF7 /* UserSettingsController.swift */; };
/* End PBXBuildFile section */

/* Begin PBXContainerItemProxy section */
		845052671BA4AA3C005377D9 /* PBXContainerItemProxy */ = {
			isa = PBXContainerItemProxy;
			containerPortal = 845052471BA4AA3B005377D9 /* Project object */;
			proxyType = 1;
			remoteGlobalIDString = 8450524E1BA4AA3B005377D9;
			remoteInfo = StudySauce;
		};
/* End PBXContainerItemProxy section */

/* Begin PBXFileReference section */
		6401F4941BB52A78004E0163 /* Response.swift */ = {isa = PBXFileReference; fileEncoding = 4; lastKnownFileType = sourcecode.swift; path = Response.swift; sourceTree = "<group>"; };
		6401F4961BB52A78004E0163 /* Pack.swift */ = {isa = PBXFileReference; fileEncoding = 4; lastKnownFileType = sourcecode.swift; path = Pack.swift; sourceTree = "<group>"; };
		6401F4981BB52A78004E0163 /* Card.swift */ = {isa = PBXFileReference; fileEncoding = 4; lastKnownFileType = sourcecode.swift; path = Card.swift; sourceTree = "<group>"; };
		642290BC1BCDC4ED00CD7898 /* NSUrl.swift */ = {isa = PBXFileReference; fileEncoding = 4; lastKnownFileType = sourcecode.swift; path = NSUrl.swift; sourceTree = "<group>"; };
		642354101BBDD12200B068DB /* DismissSegue.swift */ = {isa = PBXFileReference; fileEncoding = 4; lastKnownFileType = sourcecode.swift; path = DismissSegue.swift; sourceTree = "<group>"; };
		642354151BBDFDD800B068DB /* Base */ = {isa = PBXFileReference; lastKnownFileType = file.storyboard; name = Base; path = Base.lproj/Main.storyboard; sourceTree = "<group>"; };
		642354171BBE189100B068DB /* UserLoginController.swift */ = {isa = PBXFileReference; fileEncoding = 4; lastKnownFileType = sourcecode.swift; path = UserLoginController.swift; sourceTree = "<group>"; };
		64291C5E1BC595EB005AA348 /* UserResetController.swift */ = {isa = PBXFileReference; fileEncoding = 4; lastKnownFileType = sourcecode.swift; path = UserResetController.swift; sourceTree = "<group>"; };
		64291C601BC5A2CD005AA348 /* SaucyButton.swift */ = {isa = PBXFileReference; fileEncoding = 4; lastKnownFileType = sourcecode.swift; path = SaucyButton.swift; sourceTree = "<group>"; };
		64292E101BE2F3C60038505B /* CardTransitionManager.swift */ = {isa = PBXFileReference; fileEncoding = 4; lastKnownFileType = sourcecode.swift; path = CardTransitionManager.swift; sourceTree = "<group>"; };
		643C203F1BE461CE00A89A3F /* UIColor.swift */ = {isa = PBXFileReference; fileEncoding = 4; lastKnownFileType = sourcecode.swift; path = UIColor.swift; sourceTree = "<group>"; };
		644C4A5F1BB20AFE00E4D52A /* PackSummaryCell.swift */ = {isa = PBXFileReference; fileEncoding = 4; lastKnownFileType = sourcecode.swift; path = PackSummaryCell.swift; sourceTree = "<group>"; };
		644C4A611BB3516F00E4D52A /* CardController.swift */ = {isa = PBXFileReference; fileEncoding = 4; lastKnownFileType = sourcecode.swift; path = CardController.swift; sourceTree = "<group>"; };
		644C4A651BB3536E00E4D52A /* PackResultsController.swift */ = {isa = PBXFileReference; fileEncoding = 4; lastKnownFileType = sourcecode.swift; path = PackResultsController.swift; sourceTree = "<group>"; };
		64570BDB1BC64B4D00F9C6EB /* String.swift */ = {isa = PBXFileReference; fileEncoding = 4; lastKnownFileType = sourcecode.swift; path = String.swift; sourceTree = "<group>"; };
		64570BDD1BC64C6100F9C6EB /* DialogController.swift */ = {isa = PBXFileReference; fileEncoding = 4; lastKnownFileType = sourcecode.swift; path = DialogController.swift; sourceTree = "<group>"; };
		64570BDF1BC6F13400F9C6EB /* BetaSignupController.swift */ = {isa = PBXFileReference; fileEncoding = 4; lastKnownFileType = sourcecode.swift; path = BetaSignupController.swift; sourceTree = "<group>"; };
		649B093C1BE07C1700A3F9A4 /* CardSegue.swift */ = {isa = PBXFileReference; fileEncoding = 4; lastKnownFileType = sourcecode.swift; path = CardSegue.swift; sourceTree = "<group>"; };
		649B093E1BE08BE600A3F9A4 /* CardMultipleController.swift */ = {isa = PBXFileReference; fileEncoding = 4; lastKnownFileType = sourcecode.swift; path = CardMultipleController.swift; sourceTree = "<group>"; };
		649B09401BE08D8700A3F9A4 /* CardSelfController.swift */ = {isa = PBXFileReference; fileEncoding = 4; lastKnownFileType = sourcecode.swift; path = CardSelfController.swift; sourceTree = "<group>"; };
		649B09421BE0970E00A3F9A4 /* CardTrueFalseController.swift */ = {isa = PBXFileReference; fileEncoding = 4; lastKnownFileType = sourcecode.swift; path = CardTrueFalseController.swift; sourceTree = "<group>"; };
		649B09441BE12DA000A3F9A4 /* CardBlankController.swift */ = {isa = PBXFileReference; fileEncoding = 4; lastKnownFileType = sourcecode.swift; path = CardBlankController.swift; sourceTree = "<group>"; };
		64C221451BC5CE4700069B10 /* UserSettingsContainerController.swift */ = {isa = PBXFileReference; fileEncoding = 4; lastKnownFileType = sourcecode.swift; path = UserSettingsContainerController.swift; sourceTree = "<group>"; };
		64D0C0D91BDFCECB006FEF44 /* Answer+CoreDataProperties.swift */ = {isa = PBXFileReference; fileEncoding = 4; lastKnownFileType = sourcecode.swift; path = "Answer+CoreDataProperties.swift"; sourceTree = "<group>"; };
		64D0C0DA1BDFCECB006FEF44 /* Answer.swift */ = {isa = PBXFileReference; fileEncoding = 4; lastKnownFileType = sourcecode.swift; path = Answer.swift; sourceTree = "<group>"; };
		64D219DB1BBB0CCB005F9094 /* User+CoreDataProperties.swift */ = {isa = PBXFileReference; fileEncoding = 4; lastKnownFileType = sourcecode.swift; path = "User+CoreDataProperties.swift"; sourceTree = "<group>"; };
		64D219DC1BBB0CCB005F9094 /* User.swift */ = {isa = PBXFileReference; fileEncoding = 4; lastKnownFileType = sourcecode.swift; path = User.swift; sourceTree = "<group>"; };
		64D219DD1BBB0CCB005F9094 /* Card+CoreDataProperties.swift */ = {isa = PBXFileReference; fileEncoding = 4; lastKnownFileType = sourcecode.swift; path = "Card+CoreDataProperties.swift"; sourceTree = "<group>"; };
		64D219DE1BBB0CCB005F9094 /* Pack+CoreDataProperties.swift */ = {isa = PBXFileReference; fileEncoding = 4; lastKnownFileType = sourcecode.swift; path = "Pack+CoreDataProperties.swift"; sourceTree = "<group>"; };
		64D219DF1BBB0CCB005F9094 /* UserPack+CoreDataProperties.swift */ = {isa = PBXFileReference; fileEncoding = 4; lastKnownFileType = sourcecode.swift; path = "UserPack+CoreDataProperties.swift"; sourceTree = "<group>"; };
		64D219E01BBB0CCB005F9094 /* UserPack.swift */ = {isa = PBXFileReference; fileEncoding = 4; lastKnownFileType = sourcecode.swift; path = UserPack.swift; sourceTree = "<group>"; };
		64D219E11BBB0CCB005F9094 /* Response+CoreDataProperties.swift */ = {isa = PBXFileReference; fileEncoding = 4; lastKnownFileType = sourcecode.swift; path = "Response+CoreDataProperties.swift"; sourceTree = "<group>"; };
		64D219E91BBB2BCE005F9094 /* NSDate.swift */ = {isa = PBXFileReference; fileEncoding = 4; lastKnownFileType = sourcecode.swift; path = NSDate.swift; sourceTree = "<group>"; };
		64D219ED1BBC62A7005F9094 /* AutoSizingTextView.swift */ = {isa = PBXFileReference; fileEncoding = 4; lastKnownFileType = sourcecode.swift; path = AutoSizingTextView.swift; sourceTree = "<group>"; };
		64D219EF1BBCAE34005F9094 /* UIViewController.swift */ = {isa = PBXFileReference; fileEncoding = 4; lastKnownFileType = sourcecode.swift; path = UIViewController.swift; sourceTree = "<group>"; };
		64D219F11BBCD05F005F9094 /* UserInviteController.swift */ = {isa = PBXFileReference; fileEncoding = 4; lastKnownFileType = sourcecode.swift; path = UserInviteController.swift; sourceTree = "<group>"; };
		64D219F31BBCD133005F9094 /* UserRegisterController.swift */ = {isa = PBXFileReference; fileEncoding = 4; lastKnownFileType = sourcecode.swift; path = UserRegisterController.swift; sourceTree = "<group>"; };
		64D580F21BB37962005EF7F2 /* StudySauce.xcdatamodel */ = {isa = PBXFileReference; lastKnownFileType = wrapper.xcdatamodel; path = StudySauce.xcdatamodel; sourceTree = "<group>"; };
		64ED1DB01BEB10AD00A9E2A2 /* HomeController.swift */ = {isa = PBXFileReference; fileEncoding = 4; lastKnownFileType = sourcecode.swift; path = HomeController.swift; sourceTree = "<group>"; };
		64EF7D231BE88E730025E094 /* NSObject.swift */ = {isa = PBXFileReference; fileEncoding = 4; lastKnownFileType = sourcecode.swift; path = NSObject.swift; sourceTree = "<group>"; };
		8450524F1BA4AA3B005377D9 /* StudySauce.app */ = {isa = PBXFileReference; explicitFileType = wrapper.application; includeInIndex = 0; path = StudySauce.app; sourceTree = BUILT_PRODUCTS_DIR; };
		845052531BA4AA3B005377D9 /* Info.plist */ = {isa = PBXFileReference; lastKnownFileType = text.plist.xml; path = Info.plist; sourceTree = "<group>"; };
		845052541BA4AA3B005377D9 /* AppDelegate.swift */ = {isa = PBXFileReference; lastKnownFileType = sourcecode.swift; path = AppDelegate.swift; sourceTree = "<group>"; };
		845052561BA4AA3B005377D9 /* PackSummaryController.swift */ = {isa = PBXFileReference; lastKnownFileType = sourcecode.swift; path = PackSummaryController.swift; sourceTree = "<group>"; };
		8450525D1BA4AA3B005377D9 /* Images.xcassets */ = {isa = PBXFileReference; lastKnownFileType = folder.assetcatalog; path = Images.xcassets; sourceTree = "<group>"; };
		845052601BA4AA3B005377D9 /* Base */ = {isa = PBXFileReference; lastKnownFileType = file.xib; name = Base; path = Base.lproj/LaunchScreen.xib; sourceTree = "<group>"; };
		845052661BA4AA3C005377D9 /* StudySauceTests.xctest */ = {isa = PBXFileReference; explicitFileType = wrapper.cfbundle; includeInIndex = 0; path = StudySauceTests.xctest; sourceTree = BUILT_PRODUCTS_DIR; };
		8450526B1BA4AA3C005377D9 /* Info.plist */ = {isa = PBXFileReference; lastKnownFileType = text.plist.xml; path = Info.plist; sourceTree = "<group>"; };
		8450526C1BA4AA3C005377D9 /* StudySauceTests.swift */ = {isa = PBXFileReference; lastKnownFileType = sourcecode.swift; path = StudySauceTests.swift; sourceTree = "<group>"; };
		9D764C541BC5C6AB00A54B4C /* ContactUsController.swift */ = {isa = PBXFileReference; fileEncoding = 4; lastKnownFileType = sourcecode.swift; path = ContactUsController.swift; sourceTree = "<group>"; };
		9DEAA8501BC3404600D3FFF7 /* UserSettingsController.swift */ = {isa = PBXFileReference; fileEncoding = 4; lastKnownFileType = sourcecode.swift; path = UserSettingsController.swift; sourceTree = "<group>"; };
/* End PBXFileReference section */

/* Begin PBXFrameworksBuildPhase section */
		8450524C1BA4AA3B005377D9 /* Frameworks */ = {
			isa = PBXFrameworksBuildPhase;
			buildActionMask = 2147483647;
			files = (
			);
			runOnlyForDeploymentPostprocessing = 0;
		};
		845052631BA4AA3C005377D9 /* Frameworks */ = {
			isa = PBXFrameworksBuildPhase;
			buildActionMask = 2147483647;
			files = (
			);
			runOnlyForDeploymentPostprocessing = 0;
		};
/* End PBXFrameworksBuildPhase section */

/* Begin PBXGroup section */
		6401F49F1BB5DF11004E0163 /* Models */ = {
			isa = PBXGroup;
			children = (
				64D580F11BB37962005EF7F2 /* StudySauce.xcdatamodeld */,
				64D219E11BBB0CCB005F9094 /* Response+CoreDataProperties.swift */,
				6401F4941BB52A78004E0163 /* Response.swift */,
				64D219DE1BBB0CCB005F9094 /* Pack+CoreDataProperties.swift */,
				6401F4961BB52A78004E0163 /* Pack.swift */,
				64D219DD1BBB0CCB005F9094 /* Card+CoreDataProperties.swift */,
				6401F4981BB52A78004E0163 /* Card.swift */,
				64D219DB1BBB0CCB005F9094 /* User+CoreDataProperties.swift */,
				64D219DC1BBB0CCB005F9094 /* User.swift */,
				64D219DF1BBB0CCB005F9094 /* UserPack+CoreDataProperties.swift */,
				64D219E01BBB0CCB005F9094 /* UserPack.swift */,
				64D0C0D91BDFCECB006FEF44 /* Answer+CoreDataProperties.swift */,
				64D0C0DA1BDFCECB006FEF44 /* Answer.swift */,
			);
			name = Models;
			sourceTree = "<group>";
		};
		6401F4A01BB5DF26004E0163 /* Controllers */ = {
			isa = PBXGroup;
			children = (
				845052561BA4AA3B005377D9 /* PackSummaryController.swift */,
				644C4A651BB3536E00E4D52A /* PackResultsController.swift */,
				644C4A611BB3516F00E4D52A /* CardController.swift */,
				649B09401BE08D8700A3F9A4 /* CardSelfController.swift */,
				649B093E1BE08BE600A3F9A4 /* CardMultipleController.swift */,
				649B09421BE0970E00A3F9A4 /* CardTrueFalseController.swift */,
				649B09441BE12DA000A3F9A4 /* CardBlankController.swift */,
				64D219F11BBCD05F005F9094 /* UserInviteController.swift */,
				64D219F31BBCD133005F9094 /* UserRegisterController.swift */,
				642354171BBE189100B068DB /* UserLoginController.swift */,
				9DEAA8501BC3404600D3FFF7 /* UserSettingsController.swift */,
				64C221451BC5CE4700069B10 /* UserSettingsContainerController.swift */,
				64291C5E1BC595EB005AA348 /* UserResetController.swift */,
				9D764C541BC5C6AB00A54B4C /* ContactUsController.swift */,
				64570BDD1BC64C6100F9C6EB /* DialogController.swift */,
				64570BDF1BC6F13400F9C6EB /* BetaSignupController.swift */,
				64ED1DB01BEB10AD00A9E2A2 /* HomeController.swift */,
			);
			name = Controllers;
			sourceTree = "<group>";
		};
		6401F4A11BB5DF7F004E0163 /* Views */ = {
			isa = PBXGroup;
			children = (
				64D219ED1BBC62A7005F9094 /* AutoSizingTextView.swift */,
				644C4A5F1BB20AFE00E4D52A /* PackSummaryCell.swift */,
				64291C601BC5A2CD005AA348 /* SaucyButton.swift */,
			);
			name = Views;
			sourceTree = "<group>";
		};
		64D219EC1BBB2BDC005F9094 /* Extensions */ = {
			isa = PBXGroup;
			children = (
				64D219E91BBB2BCE005F9094 /* NSDate.swift */,
				64D219EF1BBCAE34005F9094 /* UIViewController.swift */,
				642354101BBDD12200B068DB /* DismissSegue.swift */,
				64570BDB1BC64B4D00F9C6EB /* String.swift */,
				642290BC1BCDC4ED00CD7898 /* NSUrl.swift */,
				649B093C1BE07C1700A3F9A4 /* CardSegue.swift */,
				64292E101BE2F3C60038505B /* CardTransitionManager.swift */,
				643C203F1BE461CE00A89A3F /* UIColor.swift */,
				64EF7D231BE88E730025E094 /* NSObject.swift */,
			);
			name = Extensions;
			sourceTree = "<group>";
		};
		845052461BA4AA3B005377D9 = {
			isa = PBXGroup;
			children = (
				845052511BA4AA3B005377D9 /* StudySauce */,
				845052691BA4AA3C005377D9 /* StudySauceTests */,
				845052501BA4AA3B005377D9 /* Products */,
			);
			sourceTree = "<group>";
		};
		845052501BA4AA3B005377D9 /* Products */ = {
			isa = PBXGroup;
			children = (
				8450524F1BA4AA3B005377D9 /* StudySauce.app */,
				845052661BA4AA3C005377D9 /* StudySauceTests.xctest */,
			);
			name = Products;
			sourceTree = "<group>";
		};
		845052511BA4AA3B005377D9 /* StudySauce */ = {
			isa = PBXGroup;
			children = (
				845052541BA4AA3B005377D9 /* AppDelegate.swift */,
				6401F4A01BB5DF26004E0163 /* Controllers */,
				6401F49F1BB5DF11004E0163 /* Models */,
				6401F4A11BB5DF7F004E0163 /* Views */,
				845052521BA4AA3B005377D9 /* Supporting Files */,
				64D219EC1BBB2BDC005F9094 /* Extensions */,
			);
			path = StudySauce;
			sourceTree = "<group>";
		};
		845052521BA4AA3B005377D9 /* Supporting Files */ = {
			isa = PBXGroup;
			children = (
				642354141BBDFDD800B068DB /* Main.storyboard */,
				8450525D1BA4AA3B005377D9 /* Images.xcassets */,
				8450525F1BA4AA3B005377D9 /* LaunchScreen.xib */,
				845052531BA4AA3B005377D9 /* Info.plist */,
			);
			name = "Supporting Files";
			sourceTree = "<group>";
		};
		845052691BA4AA3C005377D9 /* StudySauceTests */ = {
			isa = PBXGroup;
			children = (
				8450526C1BA4AA3C005377D9 /* StudySauceTests.swift */,
				8450526A1BA4AA3C005377D9 /* Supporting Files */,
			);
			path = StudySauceTests;
			sourceTree = "<group>";
		};
		8450526A1BA4AA3C005377D9 /* Supporting Files */ = {
			isa = PBXGroup;
			children = (
				8450526B1BA4AA3C005377D9 /* Info.plist */,
			);
			name = "Supporting Files";
			sourceTree = "<group>";
		};
/* End PBXGroup section */

/* Begin PBXNativeTarget section */
		8450524E1BA4AA3B005377D9 /* StudySauce */ = {
			isa = PBXNativeTarget;
			buildConfigurationList = 845052701BA4AA3C005377D9 /* Build configuration list for PBXNativeTarget "StudySauce" */;
			buildPhases = (
				8450524B1BA4AA3B005377D9 /* Sources */,
				8450524C1BA4AA3B005377D9 /* Frameworks */,
				8450524D1BA4AA3B005377D9 /* Resources */,
			);
			buildRules = (
			);
			dependencies = (
			);
			name = StudySauce;
			productName = StudySauce;
			productReference = 8450524F1BA4AA3B005377D9 /* StudySauce.app */;
			productType = "com.apple.product-type.application";
		};
		845052651BA4AA3C005377D9 /* StudySauceTests */ = {
			isa = PBXNativeTarget;
			buildConfigurationList = 845052731BA4AA3C005377D9 /* Build configuration list for PBXNativeTarget "StudySauceTests" */;
			buildPhases = (
				845052621BA4AA3C005377D9 /* Sources */,
				845052631BA4AA3C005377D9 /* Frameworks */,
				845052641BA4AA3C005377D9 /* Resources */,
			);
			buildRules = (
			);
			dependencies = (
				845052681BA4AA3C005377D9 /* PBXTargetDependency */,
			);
			name = StudySauceTests;
			productName = StudySauceTests;
			productReference = 845052661BA4AA3C005377D9 /* StudySauceTests.xctest */;
			productType = "com.apple.product-type.bundle.unit-test";
		};
/* End PBXNativeTarget section */

/* Begin PBXProject section */
		845052471BA4AA3B005377D9 /* Project object */ = {
			isa = PBXProject;
			attributes = {
				LastSwiftMigration = 0700;
				LastSwiftUpdateCheck = 0700;
				LastUpgradeCheck = 0700;
				ORGANIZATIONNAME = "The Study Institute";
				TargetAttributes = {
					8450524E1BA4AA3B005377D9 = {
						CreatedOnToolsVersion = 6.4;
						DevelopmentTeam = KM26M4J5U5;
					};
					845052651BA4AA3C005377D9 = {
						CreatedOnToolsVersion = 6.4;
						TestTargetID = 8450524E1BA4AA3B005377D9;
					};
				};
			};
			buildConfigurationList = 8450524A1BA4AA3B005377D9 /* Build configuration list for PBXProject "StudySauce" */;
			compatibilityVersion = "Xcode 3.2";
			developmentRegion = English;
			hasScannedForEncodings = 0;
			knownRegions = (
				en,
				Base,
			);
			mainGroup = 845052461BA4AA3B005377D9;
			productRefGroup = 845052501BA4AA3B005377D9 /* Products */;
			projectDirPath = "";
			projectRoot = "";
			targets = (
				8450524E1BA4AA3B005377D9 /* StudySauce */,
				845052651BA4AA3C005377D9 /* StudySauceTests */,
			);
		};
/* End PBXProject section */

/* Begin PBXResourcesBuildPhase section */
		8450524D1BA4AA3B005377D9 /* Resources */ = {
			isa = PBXResourcesBuildPhase;
			buildActionMask = 2147483647;
			files = (
				642354161BBDFDD800B068DB /* Main.storyboard in Resources */,
				845052611BA4AA3B005377D9 /* LaunchScreen.xib in Resources */,
				8450525E1BA4AA3B005377D9 /* Images.xcassets in Resources */,
			);
			runOnlyForDeploymentPostprocessing = 0;
		};
		845052641BA4AA3C005377D9 /* Resources */ = {
			isa = PBXResourcesBuildPhase;
			buildActionMask = 2147483647;
			files = (
			);
			runOnlyForDeploymentPostprocessing = 0;
		};
/* End PBXResourcesBuildPhase section */

/* Begin PBXSourcesBuildPhase section */
		8450524B1BA4AA3B005377D9 /* Sources */ = {
			isa = PBXSourcesBuildPhase;
			buildActionMask = 2147483647;
			files = (
				642354181BBE189100B068DB /* UserLoginController.swift in Sources */,
				649B093F1BE08BE600A3F9A4 /* CardMultipleController.swift in Sources */,
				64D219E81BBB0CCB005F9094 /* Response+CoreDataProperties.swift in Sources */,
				642354111BBDD12200B068DB /* DismissSegue.swift in Sources */,
				64EF7D241BE88E730025E094 /* NSObject.swift in Sources */,
				64D219F41BBCD133005F9094 /* UserRegisterController.swift in Sources */,
				9D764C551BC5C6AB00A54B4C /* ContactUsController.swift in Sources */,
				64D580F31BB37962005EF7F2 /* StudySauce.xcdatamodeld in Sources */,
				644C4A621BB3516F00E4D52A /* CardController.swift in Sources */,
				644C4A661BB3536E00E4D52A /* PackResultsController.swift in Sources */,
				649B09431BE0970E00A3F9A4 /* CardTrueFalseController.swift in Sources */,
				64D219EA1BBB2BCE005F9094 /* NSDate.swift in Sources */,
				64D219E61BBB0CCB005F9094 /* UserPack+CoreDataProperties.swift in Sources */,
				64D219EE1BBC62A7005F9094 /* AutoSizingTextView.swift in Sources */,
				649B09411BE08D8700A3F9A4 /* CardSelfController.swift in Sources */,
				64292E111BE2F3C60038505B /* CardTransitionManager.swift in Sources */,
				64D0C0DB1BDFCECB006FEF44 /* Answer+CoreDataProperties.swift in Sources */,
				64570BE01BC6F13400F9C6EB /* BetaSignupController.swift in Sources */,
				64291C5F1BC595EB005AA348 /* UserResetController.swift in Sources */,
				642290BD1BCDC4ED00CD7898 /* NSUrl.swift in Sources */,
				64570BDC1BC64B4D00F9C6EB /* String.swift in Sources */,
				6401F49E1BB52A78004E0163 /* Card.swift in Sources */,
				64D0C0DC1BDFCECB006FEF44 /* Answer.swift in Sources */,
				9DEAA8511BC3404600D3FFF7 /* UserSettingsController.swift in Sources */,
				6401F49A1BB52A78004E0163 /* Response.swift in Sources */,
				649B093D1BE07C1700A3F9A4 /* CardSegue.swift in Sources */,
				64C221461BC5CE4700069B10 /* UserSettingsContainerController.swift in Sources */,
				64D219E71BBB0CCB005F9094 /* UserPack.swift in Sources */,
				64D219F21BBCD05F005F9094 /* UserInviteController.swift in Sources */,
				64291C611BC5A2CD005AA348 /* SaucyButton.swift in Sources */,
				643C20401BE461CE00A89A3F /* UIColor.swift in Sources */,
				64D219E51BBB0CCB005F9094 /* Pack+CoreDataProperties.swift in Sources */,
				6401F49C1BB52A78004E0163 /* Pack.swift in Sources */,
				649B09451BE12DA000A3F9A4 /* CardBlankController.swift in Sources */,
				64D219E21BBB0CCB005F9094 /* User+CoreDataProperties.swift in Sources */,
				64D219F01BBCAE34005F9094 /* UIViewController.swift in Sources */,
				64570BDE1BC64C6100F9C6EB /* DialogController.swift in Sources */,
				64D219E31BBB0CCB005F9094 /* User.swift in Sources */,
				644C4A601BB20AFE00E4D52A /* PackSummaryCell.swift in Sources */,
				845052571BA4AA3B005377D9 /* PackSummaryController.swift in Sources */,
				845052551BA4AA3B005377D9 /* AppDelegate.swift in Sources */,
				64ED1DB11BEB10AD00A9E2A2 /* HomeController.swift in Sources */,
				64D219E41BBB0CCB005F9094 /* Card+CoreDataProperties.swift in Sources */,
			);
			runOnlyForDeploymentPostprocessing = 0;
		};
		845052621BA4AA3C005377D9 /* Sources */ = {
			isa = PBXSourcesBuildPhase;
			buildActionMask = 2147483647;
			files = (
				8450526D1BA4AA3C005377D9 /* StudySauceTests.swift in Sources */,
			);
			runOnlyForDeploymentPostprocessing = 0;
		};
/* End PBXSourcesBuildPhase section */

/* Begin PBXTargetDependency section */
		845052681BA4AA3C005377D9 /* PBXTargetDependency */ = {
			isa = PBXTargetDependency;
			target = 8450524E1BA4AA3B005377D9 /* StudySauce */;
			targetProxy = 845052671BA4AA3C005377D9 /* PBXContainerItemProxy */;
		};
/* End PBXTargetDependency section */

/* Begin PBXVariantGroup section */
		642354141BBDFDD800B068DB /* Main.storyboard */ = {
			isa = PBXVariantGroup;
			children = (
				642354151BBDFDD800B068DB /* Base */,
			);
			name = Main.storyboard;
			sourceTree = "<group>";
		};
		8450525F1BA4AA3B005377D9 /* LaunchScreen.xib */ = {
			isa = PBXVariantGroup;
			children = (
				845052601BA4AA3B005377D9 /* Base */,
			);
			name = LaunchScreen.xib;
			sourceTree = "<group>";
		};
/* End PBXVariantGroup section */

/* Begin XCBuildConfiguration section */
		8450526E1BA4AA3C005377D9 /* Debug */ = {
			isa = XCBuildConfiguration;
			buildSettings = {
				ALWAYS_SEARCH_USER_PATHS = NO;
				CLANG_CXX_LANGUAGE_STANDARD = "gnu++0x";
				CLANG_CXX_LIBRARY = "libc++";
				CLANG_ENABLE_MODULES = YES;
				CLANG_ENABLE_OBJC_ARC = YES;
				CLANG_WARN_BOOL_CONVERSION = YES;
				CLANG_WARN_CONSTANT_CONVERSION = YES;
				CLANG_WARN_DIRECT_OBJC_ISA_USAGE = YES_ERROR;
				CLANG_WARN_EMPTY_BODY = YES;
				CLANG_WARN_ENUM_CONVERSION = YES;
				CLANG_WARN_INT_CONVERSION = YES;
				CLANG_WARN_OBJC_ROOT_CLASS = YES_ERROR;
				CLANG_WARN_UNREACHABLE_CODE = YES;
				CLANG_WARN__DUPLICATE_METHOD_MATCH = YES;
				"CODE_SIGN_IDENTITY[sdk=iphoneos*]" = "iPhone Developer";
				COPY_PHASE_STRIP = NO;
				DEBUG_INFORMATION_FORMAT = "dwarf-with-dsym";
				ENABLE_STRICT_OBJC_MSGSEND = YES;
				ENABLE_TESTABILITY = YES;
				GCC_C_LANGUAGE_STANDARD = gnu99;
				GCC_DYNAMIC_NO_PIC = NO;
				GCC_NO_COMMON_BLOCKS = YES;
				GCC_OPTIMIZATION_LEVEL = 0;
				GCC_PREPROCESSOR_DEFINITIONS = (
					"DEBUG=1",
					"$(inherited)",
				);
				GCC_SYMBOLS_PRIVATE_EXTERN = NO;
				GCC_WARN_64_TO_32_BIT_CONVERSION = YES;
				GCC_WARN_ABOUT_RETURN_TYPE = YES_ERROR;
				GCC_WARN_UNDECLARED_SELECTOR = YES;
				GCC_WARN_UNINITIALIZED_AUTOS = YES_AGGRESSIVE;
				GCC_WARN_UNUSED_FUNCTION = YES;
				GCC_WARN_UNUSED_VARIABLE = YES;
				IPHONEOS_DEPLOYMENT_TARGET = 8.4;
				MTL_ENABLE_DEBUG_INFO = YES;
				ONLY_ACTIVE_ARCH = YES;
				SDKROOT = iphoneos;
				SWIFT_OPTIMIZATION_LEVEL = "-Onone";
				TARGETED_DEVICE_FAMILY = "1,2";
			};
			name = Debug;
		};
		8450526F1BA4AA3C005377D9 /* Release */ = {
			isa = XCBuildConfiguration;
			buildSettings = {
				ALWAYS_SEARCH_USER_PATHS = NO;
				CLANG_CXX_LANGUAGE_STANDARD = "gnu++0x";
				CLANG_CXX_LIBRARY = "libc++";
				CLANG_ENABLE_MODULES = YES;
				CLANG_ENABLE_OBJC_ARC = YES;
				CLANG_WARN_BOOL_CONVERSION = YES;
				CLANG_WARN_CONSTANT_CONVERSION = YES;
				CLANG_WARN_DIRECT_OBJC_ISA_USAGE = YES_ERROR;
				CLANG_WARN_EMPTY_BODY = YES;
				CLANG_WARN_ENUM_CONVERSION = YES;
				CLANG_WARN_INT_CONVERSION = YES;
				CLANG_WARN_OBJC_ROOT_CLASS = YES_ERROR;
				CLANG_WARN_UNREACHABLE_CODE = YES;
				CLANG_WARN__DUPLICATE_METHOD_MATCH = YES;
				"CODE_SIGN_IDENTITY[sdk=iphoneos*]" = "iPhone Developer";
				COPY_PHASE_STRIP = NO;
				DEBUG_INFORMATION_FORMAT = "dwarf-with-dsym";
				ENABLE_NS_ASSERTIONS = NO;
				ENABLE_STRICT_OBJC_MSGSEND = YES;
				GCC_C_LANGUAGE_STANDARD = gnu99;
				GCC_NO_COMMON_BLOCKS = YES;
				GCC_WARN_64_TO_32_BIT_CONVERSION = YES;
				GCC_WARN_ABOUT_RETURN_TYPE = YES_ERROR;
				GCC_WARN_UNDECLARED_SELECTOR = YES;
				GCC_WARN_UNINITIALIZED_AUTOS = YES_AGGRESSIVE;
				GCC_WARN_UNUSED_FUNCTION = YES;
				GCC_WARN_UNUSED_VARIABLE = YES;
				IPHONEOS_DEPLOYMENT_TARGET = 8.4;
				MTL_ENABLE_DEBUG_INFO = NO;
				SDKROOT = iphoneos;
				TARGETED_DEVICE_FAMILY = "1,2";
				VALIDATE_PRODUCT = YES;
			};
			name = Release;
		};
		845052711BA4AA3C005377D9 /* Debug */ = {
			isa = XCBuildConfiguration;
			buildSettings = {
				ASSETCATALOG_COMPILER_APPICON_NAME = AppIcon;
				CODE_SIGN_IDENTITY = "iPhone Developer";
				"CODE_SIGN_IDENTITY[sdk=iphoneos*]" = "iPhone Developer";
				INFOPLIST_FILE = StudySauce/Info.plist;
				IPHONEOS_DEPLOYMENT_TARGET = 8.3;
				LD_RUNPATH_SEARCH_PATHS = "$(inherited) @executable_path/Frameworks";
				PRODUCT_BUNDLE_IDENTIFIER = com.StudySauce.cerebro;
				PRODUCT_NAME = "$(TARGET_NAME)";
				PROVISIONING_PROFILE = "";
			};
			name = Debug;
		};
		845052721BA4AA3C005377D9 /* Release */ = {
			isa = XCBuildConfiguration;
			buildSettings = {
				ASSETCATALOG_COMPILER_APPICON_NAME = AppIcon;
				CODE_SIGN_IDENTITY = "iPhone Developer";
				"CODE_SIGN_IDENTITY[sdk=iphoneos*]" = "iPhone Developer";
				INFOPLIST_FILE = StudySauce/Info.plist;
				IPHONEOS_DEPLOYMENT_TARGET = 8.3;
				LD_RUNPATH_SEARCH_PATHS = "$(inherited) @executable_path/Frameworks";
				PRODUCT_BUNDLE_IDENTIFIER = com.StudySauce.cerebro;
				PRODUCT_NAME = "$(TARGET_NAME)";
				PROVISIONING_PROFILE = "";
			};
			name = Release;
		};
		845052741BA4AA3C005377D9 /* Debug */ = {
			isa = XCBuildConfiguration;
			buildSettings = {
				BUNDLE_LOADER = "$(TEST_HOST)";
				FRAMEWORK_SEARCH_PATHS = (
					"$(SDKROOT)/Developer/Library/Frameworks",
					"$(inherited)",
				);
				GCC_PREPROCESSOR_DEFINITIONS = (
					"DEBUG=1",
					"$(inherited)",
				);
				INFOPLIST_FILE = StudySauceTests/Info.plist;
				LD_RUNPATH_SEARCH_PATHS = "$(inherited) @executable_path/Frameworks @loader_path/Frameworks";
				PRODUCT_BUNDLE_IDENTIFIER = "studysauce.com.$(PRODUCT_NAME:rfc1034identifier)";
				PRODUCT_NAME = "$(TARGET_NAME)";
				TEST_HOST = "$(BUILT_PRODUCTS_DIR)/StudySauce.app/StudySauce";
			};
			name = Debug;
		};
		845052751BA4AA3C005377D9 /* Release */ = {
			isa = XCBuildConfiguration;
			buildSettings = {
				BUNDLE_LOADER = "$(TEST_HOST)";
				FRAMEWORK_SEARCH_PATHS = (
					"$(SDKROOT)/Developer/Library/Frameworks",
					"$(inherited)",
				);
				INFOPLIST_FILE = StudySauceTests/Info.plist;
				LD_RUNPATH_SEARCH_PATHS = "$(inherited) @executable_path/Frameworks @loader_path/Frameworks";
				PRODUCT_BUNDLE_IDENTIFIER = "studysauce.com.$(PRODUCT_NAME:rfc1034identifier)";
				PRODUCT_NAME = "$(TARGET_NAME)";
				TEST_HOST = "$(BUILT_PRODUCTS_DIR)/StudySauce.app/StudySauce";
			};
			name = Release;
		};
/* End XCBuildConfiguration section */

/* Begin XCConfigurationList section */
		8450524A1BA4AA3B005377D9 /* Build configuration list for PBXProject "StudySauce" */ = {
			isa = XCConfigurationList;
			buildConfigurations = (
				8450526E1BA4AA3C005377D9 /* Debug */,
				8450526F1BA4AA3C005377D9 /* Release */,
			);
			defaultConfigurationIsVisible = 0;
			defaultConfigurationName = Release;
		};
		845052701BA4AA3C005377D9 /* Build configuration list for PBXNativeTarget "StudySauce" */ = {
			isa = XCConfigurationList;
			buildConfigurations = (
				845052711BA4AA3C005377D9 /* Debug */,
				845052721BA4AA3C005377D9 /* Release */,
			);
			defaultConfigurationIsVisible = 0;
			defaultConfigurationName = Release;
		};
		845052731BA4AA3C005377D9 /* Build configuration list for PBXNativeTarget "StudySauceTests" */ = {
			isa = XCConfigurationList;
			buildConfigurations = (
				845052741BA4AA3C005377D9 /* Debug */,
				845052751BA4AA3C005377D9 /* Release */,
			);
			defaultConfigurationIsVisible = 0;
			defaultConfigurationName = Release;
		};
/* End XCConfigurationList section */

/* Begin XCVersionGroup section */
		64D580F11BB37962005EF7F2 /* StudySauce.xcdatamodeld */ = {
			isa = XCVersionGroup;
			children = (
				64D580F21BB37962005EF7F2 /* StudySauce.xcdatamodel */,
			);
			currentVersion = 64D580F21BB37962005EF7F2 /* StudySauce.xcdatamodel */;
			path = StudySauce.xcdatamodeld;
			sourceTree = "<group>";
			versionGroupType = wrapper.xcdatamodel;
		};
/* End XCVersionGroup section */
	};
	rootObject = 845052471BA4AA3B005377D9 /* Project object */;
}
