// !$*UTF8*$!
{
	archiveVersion = 1;
	classes = {
	};
	objectVersion = 46;
	objects = {

/* Begin PBXBuildFile section */
		6401F49A1BB52A78004E0163 /* Response.swift in Sources */ = {isa = PBXBuildFile; fileRef = 6401F4941BB52A78004E0163 /* Response.swift */; };
		6401F49C1BB52A78004E0163 /* Pack.swift in Sources */ = {isa = PBXBuildFile; fileRef = 6401F4961BB52A78004E0163 /* Pack.swift */; };
		6401F49E1BB52A78004E0163 /* Card.swift in Sources */ = {isa = PBXBuildFile; fileRef = 6401F4981BB52A78004E0163 /* Card.swift */; };
		641E66EE1BF6517F00BAAD6C /* UITableViewHeaderFooterView.swift in Sources */ = {isa = PBXBuildFile; fileRef = 641E66ED1BF6517F00BAAD6C /* UITableViewHeaderFooterView.swift */; };
		642290BD1BCDC4ED00CD7898 /* NSUrl.swift in Sources */ = {isa = PBXBuildFile; fileRef = 642290BC1BCDC4ED00CD7898 /* NSUrl.swift */; };
		642354161BBDFDD800B068DB /* Main.storyboard in Resources */ = {isa = PBXBuildFile; fileRef = 642354141BBDFDD800B068DB /* Main.storyboard */; };
		642354181BBE189100B068DB /* UserLoginController.swift in Sources */ = {isa = PBXBuildFile; fileRef = 642354171BBE189100B068DB /* UserLoginController.swift */; };
		64291C5F1BC595EB005AA348 /* UserResetController.swift in Sources */ = {isa = PBXBuildFile; fileRef = 64291C5E1BC595EB005AA348 /* UserResetController.swift */; };
		64291C611BC5A2CD005AA348 /* SaucyButton.swift in Sources */ = {isa = PBXBuildFile; fileRef = 64291C601BC5A2CD005AA348 /* SaucyButton.swift */; };
		64292E111BE2F3C60038505B /* CardTransitionManager.swift in Sources */ = {isa = PBXBuildFile; fileRef = 64292E101BE2F3C60038505B /* CardTransitionManager.swift */; };
		64306E0F1BFE62AD0069BF1F /* JSON.swift in Sources */ = {isa = PBXBuildFile; fileRef = 64306E0E1BFE62AD0069BF1F /* JSON.swift */; };
		643C20401BE461CE00A89A3F /* UIColor.swift in Sources */ = {isa = PBXBuildFile; fileRef = 643C203F1BE461CE00A89A3F /* UIColor.swift */; };
		644C4A601BB20AFE00E4D52A /* PackSummaryCell.swift in Sources */ = {isa = PBXBuildFile; fileRef = 644C4A5F1BB20AFE00E4D52A /* PackSummaryCell.swift */; };
		644C4A621BB3516F00E4D52A /* CardController.swift in Sources */ = {isa = PBXBuildFile; fileRef = 644C4A611BB3516F00E4D52A /* CardController.swift */; };
		644C4A661BB3536E00E4D52A /* PackResultsController.swift in Sources */ = {isa = PBXBuildFile; fileRef = 644C4A651BB3536E00E4D52A /* PackResultsController.swift */; };
		64570BDC1BC64B4D00F9C6EB /* String.swift in Sources */ = {isa = PBXBuildFile; fileRef = 64570BDB1BC64B4D00F9C6EB /* String.swift */; };
		64570BDE1BC64C6100F9C6EB /* DialogController.swift in Sources */ = {isa = PBXBuildFile; fileRef = 64570BDD1BC64C6100F9C6EB /* DialogController.swift */; };
		6469661F1BF2F1990081FC3F /* CollectionType.swift in Sources */ = {isa = PBXBuildFile; fileRef = 6469661E1BF2F1990081FC3F /* CollectionType.swift */; };
		64766A9B1BF3C1650010FD8C /* UIButton.swift in Sources */ = {isa = PBXBuildFile; fileRef = 64766A9A1BF3C1650010FD8C /* UIButton.swift */; };
		64766A9D1BF3C2B20010FD8C /* UILabel.swift in Sources */ = {isa = PBXBuildFile; fileRef = 64766A9C1BF3C2B20010FD8C /* UILabel.swift */; };
		64766A9F1BF3DD040010FD8C /* TQuery.swift in Sources */ = {isa = PBXBuildFile; fileRef = 64766A9E1BF3DD040010FD8C /* TQuery.swift */; };
		64766AA11BF3F2700010FD8C /* UIView.swift in Sources */ = {isa = PBXBuildFile; fileRef = 64766AA01BF3F2700010FD8C /* UIView.swift */; };
		648CFC9F1C1903690018746F /* TextField.swift in Sources */ = {isa = PBXBuildFile; fileRef = 648CFC9E1C1903690018746F /* TextField.swift */; };
		64984EA51C1B4A8D007D9640 /* CardPromptController.swift in Sources */ = {isa = PBXBuildFile; fileRef = 64984EA41C1B4A8D007D9640 /* CardPromptController.swift */; };
		64984EA71C1B4D77007D9640 /* CardResponseController.swift in Sources */ = {isa = PBXBuildFile; fileRef = 64984EA61C1B4D77007D9640 /* CardResponseController.swift */; };
		649B093D1BE07C1700A3F9A4 /* CardSegue.swift in Sources */ = {isa = PBXBuildFile; fileRef = 649B093C1BE07C1700A3F9A4 /* CardSegue.swift */; };
		649B093F1BE08BE600A3F9A4 /* CardMultipleController.swift in Sources */ = {isa = PBXBuildFile; fileRef = 649B093E1BE08BE600A3F9A4 /* CardMultipleController.swift */; };
		649B09411BE08D8700A3F9A4 /* CardSelfController.swift in Sources */ = {isa = PBXBuildFile; fileRef = 649B09401BE08D8700A3F9A4 /* CardSelfController.swift */; };
		649B09431BE0970E00A3F9A4 /* CardTrueFalseController.swift in Sources */ = {isa = PBXBuildFile; fileRef = 649B09421BE0970E00A3F9A4 /* CardTrueFalseController.swift */; };
		649B09451BE12DA000A3F9A4 /* CardBlankController.swift in Sources */ = {isa = PBXBuildFile; fileRef = 649B09441BE12DA000A3F9A4 /* CardBlankController.swift */; };
		64A1646C1BFBC22600345E55 /* File+CoreDataProperties.swift in Sources */ = {isa = PBXBuildFile; fileRef = 64A1646A1BFBC22600345E55 /* File+CoreDataProperties.swift */; };
		64A1646D1BFBC22600345E55 /* File.swift in Sources */ = {isa = PBXBuildFile; fileRef = 64A1646B1BFBC22600345E55 /* File.swift */; };
		64C221461BC5CE4700069B10 /* UserSettingsContainerController.swift in Sources */ = {isa = PBXBuildFile; fileRef = 64C221451BC5CE4700069B10 /* UserSettingsContainerController.swift */; };
		64C2B98B1BFADF440028AD1C /* NSManagedObjectContext.swift in Sources */ = {isa = PBXBuildFile; fileRef = 64C2B98A1BFADF440028AD1C /* NSManagedObjectContext.swift */; };
		64C2F4A71C2090F100F7C854 /* DACircularProgressView.m in Sources */ = {isa = PBXBuildFile; fileRef = 64C2F4A41C2090F100F7C854 /* DACircularProgressView.m */; };
		64C2F4A81C2090F100F7C854 /* DALabeledCircularProgressView.m in Sources */ = {isa = PBXBuildFile; fileRef = 64C2F4A61C2090F100F7C854 /* DALabeledCircularProgressView.m */; };
		64D0C0DB1BDFCECB006FEF44 /* Answer+CoreDataProperties.swift in Sources */ = {isa = PBXBuildFile; fileRef = 64D0C0D91BDFCECB006FEF44 /* Answer+CoreDataProperties.swift */; };
		64D0C0DC1BDFCECB006FEF44 /* Answer.swift in Sources */ = {isa = PBXBuildFile; fileRef = 64D0C0DA1BDFCECB006FEF44 /* Answer.swift */; };
		64D219E21BBB0CCB005F9094 /* User+CoreDataProperties.swift in Sources */ = {isa = PBXBuildFile; fileRef = 64D219DB1BBB0CCB005F9094 /* User+CoreDataProperties.swift */; };
		64D219E31BBB0CCB005F9094 /* User.swift in Sources */ = {isa = PBXBuildFile; fileRef = 64D219DC1BBB0CCB005F9094 /* User.swift */; };
		64D219E41BBB0CCB005F9094 /* Card+CoreDataProperties.swift in Sources */ = {isa = PBXBuildFile; fileRef = 64D219DD1BBB0CCB005F9094 /* Card+CoreDataProperties.swift */; };
		64D219E51BBB0CCB005F9094 /* Pack+CoreDataProperties.swift in Sources */ = {isa = PBXBuildFile; fileRef = 64D219DE1BBB0CCB005F9094 /* Pack+CoreDataProperties.swift */; };
		64D219E61BBB0CCB005F9094 /* UserPack+CoreDataProperties.swift in Sources */ = {isa = PBXBuildFile; fileRef = 64D219DF1BBB0CCB005F9094 /* UserPack+CoreDataProperties.swift */; };
		64D219E71BBB0CCB005F9094 /* UserPack.swift in Sources */ = {isa = PBXBuildFile; fileRef = 64D219E01BBB0CCB005F9094 /* UserPack.swift */; };
		64D219E81BBB0CCB005F9094 /* Response+CoreDataProperties.swift in Sources */ = {isa = PBXBuildFile; fileRef = 64D219E11BBB0CCB005F9094 /* Response+CoreDataProperties.swift */; };
		64D219EA1BBB2BCE005F9094 /* NSDate.swift in Sources */ = {isa = PBXBuildFile; fileRef = 64D219E91BBB2BCE005F9094 /* NSDate.swift */; };
		64D219EE1BBC62A7005F9094 /* AutoSizingTextView.swift in Sources */ = {isa = PBXBuildFile; fileRef = 64D219ED1BBC62A7005F9094 /* AutoSizingTextView.swift */; };
		64D219F01BBCAE34005F9094 /* UIViewController.swift in Sources */ = {isa = PBXBuildFile; fileRef = 64D219EF1BBCAE34005F9094 /* UIViewController.swift */; };
		64D219F21BBCD05F005F9094 /* UserInviteController.swift in Sources */ = {isa = PBXBuildFile; fileRef = 64D219F11BBCD05F005F9094 /* UserInviteController.swift */; };
		64D219F41BBCD133005F9094 /* UserRegisterController.swift in Sources */ = {isa = PBXBuildFile; fileRef = 64D219F31BBCD133005F9094 /* UserRegisterController.swift */; };
		64D580F31BB37962005EF7F2 /* StudySauce.xcdatamodeld in Sources */ = {isa = PBXBuildFile; fileRef = 64D580F11BB37962005EF7F2 /* StudySauce.xcdatamodeld */; };
		64EAF91C1BF6F825008E66E2 /* AnyObject.swift in Sources */ = {isa = PBXBuildFile; fileRef = 64EAF91B1BF6F825008E66E2 /* AnyObject.swift */; };
		64EAF91E1BF7059D008E66E2 /* TQueryOperators.swift in Sources */ = {isa = PBXBuildFile; fileRef = 64EAF91D1BF7059D008E66E2 /* TQueryOperators.swift */; };
		64ED1DB11BEB10AD00A9E2A2 /* HomeController.swift in Sources */ = {isa = PBXBuildFile; fileRef = 64ED1DB01BEB10AD00A9E2A2 /* HomeController.swift */; };
		64ED1DC81BEC173700A9E2A2 /* IQNSArray+Sort.swift in Sources */ = {isa = PBXBuildFile; fileRef = 64ED1DB41BEC173700A9E2A2 /* IQNSArray+Sort.swift */; };
		64ED1DC91BEC173700A9E2A2 /* IQUITextFieldView+Additions.swift in Sources */ = {isa = PBXBuildFile; fileRef = 64ED1DB51BEC173700A9E2A2 /* IQUITextFieldView+Additions.swift */; };
		64ED1DCA1BEC173700A9E2A2 /* IQUIView+Hierarchy.swift in Sources */ = {isa = PBXBuildFile; fileRef = 64ED1DB61BEC173700A9E2A2 /* IQUIView+Hierarchy.swift */; };
		64ED1DCB1BEC173700A9E2A2 /* IQUIViewController+Additions.swift in Sources */ = {isa = PBXBuildFile; fileRef = 64ED1DB71BEC173700A9E2A2 /* IQUIViewController+Additions.swift */; };
		64ED1DCC1BEC173700A9E2A2 /* IQUIWindow+Hierarchy.swift in Sources */ = {isa = PBXBuildFile; fileRef = 64ED1DB81BEC173700A9E2A2 /* IQUIWindow+Hierarchy.swift */; };
		64ED1DCD1BEC173700A9E2A2 /* IQKeyboardManagerConstants.swift in Sources */ = {isa = PBXBuildFile; fileRef = 64ED1DBA1BEC173700A9E2A2 /* IQKeyboardManagerConstants.swift */; };
		64ED1DCE1BEC173700A9E2A2 /* IQKeyboardManagerConstantsInternal.swift in Sources */ = {isa = PBXBuildFile; fileRef = 64ED1DBB1BEC173700A9E2A2 /* IQKeyboardManagerConstantsInternal.swift */; };
		64ED1DCF1BEC173700A9E2A2 /* IQKeyboardManager.swift in Sources */ = {isa = PBXBuildFile; fileRef = 64ED1DBC1BEC173700A9E2A2 /* IQKeyboardManager.swift */; };
		64ED1DD01BEC173700A9E2A2 /* IQKeyboardReturnKeyHandler.swift in Sources */ = {isa = PBXBuildFile; fileRef = 64ED1DBD1BEC173700A9E2A2 /* IQKeyboardReturnKeyHandler.swift */; };
		64ED1DD11BEC173700A9E2A2 /* IQTextView.swift in Sources */ = {isa = PBXBuildFile; fileRef = 64ED1DBF1BEC173700A9E2A2 /* IQTextView.swift */; };
		64ED1DD21BEC173700A9E2A2 /* IQBarButtonItem.swift in Sources */ = {isa = PBXBuildFile; fileRef = 64ED1DC11BEC173700A9E2A2 /* IQBarButtonItem.swift */; };
		64ED1DD31BEC173700A9E2A2 /* IQTitleBarButtonItem.swift in Sources */ = {isa = PBXBuildFile; fileRef = 64ED1DC21BEC173700A9E2A2 /* IQTitleBarButtonItem.swift */; };
		64ED1DD41BEC173700A9E2A2 /* IQToolbar.swift in Sources */ = {isa = PBXBuildFile; fileRef = 64ED1DC31BEC173700A9E2A2 /* IQToolbar.swift */; };
		64ED1DD51BEC173700A9E2A2 /* IQUIView+IQKeyboardToolbar.swift in Sources */ = {isa = PBXBuildFile; fileRef = 64ED1DC41BEC173700A9E2A2 /* IQUIView+IQKeyboardToolbar.swift */; };
		64ED1DD61BEC173700A9E2A2 /* Info.plist in Resources */ = {isa = PBXBuildFile; fileRef = 64ED1DC61BEC173700A9E2A2 /* Info.plist */; };
		64ED1DD71BEC173700A9E2A2 /* IQKeyboardManager.bundle in Resources */ = {isa = PBXBuildFile; fileRef = 64ED1DC71BEC173700A9E2A2 /* IQKeyboardManager.bundle */; };
		64EF7D241BE88E730025E094 /* NSObject.swift in Sources */ = {isa = PBXBuildFile; fileRef = 64EF7D231BE88E730025E094 /* NSObject.swift */; };
		64F5FCF51BEC30BD005AF4FC /* PackRetentionCell.swift in Sources */ = {isa = PBXBuildFile; fileRef = 64F5FCF41BEC30BD005AF4FC /* PackRetentionCell.swift */; };
		845052551BA4AA3B005377D9 /* AppDelegate.swift in Sources */ = {isa = PBXBuildFile; fileRef = 845052541BA4AA3B005377D9 /* AppDelegate.swift */; };
		845052571BA4AA3B005377D9 /* PackSummaryController.swift in Sources */ = {isa = PBXBuildFile; fileRef = 845052561BA4AA3B005377D9 /* PackSummaryController.swift */; };
		8450525E1BA4AA3B005377D9 /* Images.xcassets in Resources */ = {isa = PBXBuildFile; fileRef = 8450525D1BA4AA3B005377D9 /* Images.xcassets */; };
		845052611BA4AA3B005377D9 /* LaunchScreen.xib in Resources */ = {isa = PBXBuildFile; fileRef = 8450525F1BA4AA3B005377D9 /* LaunchScreen.xib */; };
		8450526D1BA4AA3C005377D9 /* StudySauceTests.swift in Sources */ = {isa = PBXBuildFile; fileRef = 8450526C1BA4AA3C005377D9 /* StudySauceTests.swift */; };
		9D5ECB351BF3D16F00F09EE0 /* AppDelegate+Theme.swift in Sources */ = {isa = PBXBuildFile; fileRef = 9D5ECB341BF3D16F00F09EE0 /* AppDelegate+Theme.swift */; };
		9D5ECB371BF3D2A500F09EE0 /* UITextView.swift in Sources */ = {isa = PBXBuildFile; fileRef = 9D5ECB361BF3D2A500F09EE0 /* UITextView.swift */; };
		9D5ECB3B1BF3D47C00F09EE0 /* UITextField.swift in Sources */ = {isa = PBXBuildFile; fileRef = 9D5ECB3A1BF3D47C00F09EE0 /* UITextField.swift */; };
		9D764C551BC5C6AB00A54B4C /* ContactUsController.swift in Sources */ = {isa = PBXBuildFile; fileRef = 9D764C541BC5C6AB00A54B4C /* ContactUsController.swift */; };
		9DEAA8511BC3404600D3FFF7 /* UserSettingsController.swift in Sources */ = {isa = PBXBuildFile; fileRef = 9DEAA8501BC3404600D3FFF7 /* UserSettingsController.swift */; };
/* End PBXBuildFile section */

/* Begin PBXContainerItemProxy section */
		845052671BA4AA3C005377D9 /* PBXContainerItemProxy */ = {
			isa = PBXContainerItemProxy;
			containerPortal = 845052471BA4AA3B005377D9 /* Project object */;
			proxyType = 1;
			remoteGlobalIDString = 8450524E1BA4AA3B005377D9;
			remoteInfo = StudySauce;
		};
/* End PBXContainerItemProxy section */

/* Begin PBXFileReference section */
		6401F4941BB52A78004E0163 /* Response.swift */ = {isa = PBXFileReference; fileEncoding = 4; lastKnownFileType = sourcecode.swift; path = Response.swift; sourceTree = "<group>"; };
		6401F4961BB52A78004E0163 /* Pack.swift */ = {isa = PBXFileReference; fileEncoding = 4; lastKnownFileType = sourcecode.swift; path = Pack.swift; sourceTree = "<group>"; };
		6401F4981BB52A78004E0163 /* Card.swift */ = {isa = PBXFileReference; fileEncoding = 4; lastKnownFileType = sourcecode.swift; path = Card.swift; sourceTree = "<group>"; };
		641E66ED1BF6517F00BAAD6C /* UITableViewHeaderFooterView.swift */ = {isa = PBXFileReference; fileEncoding = 4; lastKnownFileType = sourcecode.swift; path = UITableViewHeaderFooterView.swift; sourceTree = "<group>"; };
		642290BC1BCDC4ED00CD7898 /* NSUrl.swift */ = {isa = PBXFileReference; fileEncoding = 4; lastKnownFileType = sourcecode.swift; path = NSUrl.swift; sourceTree = "<group>"; };
		642354151BBDFDD800B068DB /* Base */ = {isa = PBXFileReference; lastKnownFileType = file.storyboard; name = Base; path = Base.lproj/Main.storyboard; sourceTree = "<group>"; };
		642354171BBE189100B068DB /* UserLoginController.swift */ = {isa = PBXFileReference; fileEncoding = 4; lastKnownFileType = sourcecode.swift; path = UserLoginController.swift; sourceTree = "<group>"; };
		64291C5E1BC595EB005AA348 /* UserResetController.swift */ = {isa = PBXFileReference; fileEncoding = 4; lastKnownFileType = sourcecode.swift; path = UserResetController.swift; sourceTree = "<group>"; };
		64291C601BC5A2CD005AA348 /* SaucyButton.swift */ = {isa = PBXFileReference; fileEncoding = 4; lastKnownFileType = sourcecode.swift; path = SaucyButton.swift; sourceTree = "<group>"; };
		64292E101BE2F3C60038505B /* CardTransitionManager.swift */ = {isa = PBXFileReference; fileEncoding = 4; lastKnownFileType = sourcecode.swift; path = CardTransitionManager.swift; sourceTree = "<group>"; };
		64306E0E1BFE62AD0069BF1F /* JSON.swift */ = {isa = PBXFileReference; fileEncoding = 4; lastKnownFileType = sourcecode.swift; path = JSON.swift; sourceTree = "<group>"; };
		643838651C12758500AF2314 /* StudySauce.entitlements */ = {isa = PBXFileReference; lastKnownFileType = text.xml; path = StudySauce.entitlements; sourceTree = "<group>"; };
		643C203F1BE461CE00A89A3F /* UIColor.swift */ = {isa = PBXFileReference; fileEncoding = 4; lastKnownFileType = sourcecode.swift; path = UIColor.swift; sourceTree = "<group>"; };
		644C4A5F1BB20AFE00E4D52A /* PackSummaryCell.swift */ = {isa = PBXFileReference; fileEncoding = 4; lastKnownFileType = sourcecode.swift; path = PackSummaryCell.swift; sourceTree = "<group>"; };
		644C4A611BB3516F00E4D52A /* CardController.swift */ = {isa = PBXFileReference; fileEncoding = 4; lastKnownFileType = sourcecode.swift; path = CardController.swift; sourceTree = "<group>"; };
		644C4A651BB3536E00E4D52A /* PackResultsController.swift */ = {isa = PBXFileReference; fileEncoding = 4; lastKnownFileType = sourcecode.swift; path = PackResultsController.swift; sourceTree = "<group>"; };
		64570BDB1BC64B4D00F9C6EB /* String.swift */ = {isa = PBXFileReference; fileEncoding = 4; lastKnownFileType = sourcecode.swift; path = String.swift; sourceTree = "<group>"; };
		64570BDD1BC64C6100F9C6EB /* DialogController.swift */ = {isa = PBXFileReference; fileEncoding = 4; lastKnownFileType = sourcecode.swift; path = DialogController.swift; sourceTree = "<group>"; };
		6469661E1BF2F1990081FC3F /* CollectionType.swift */ = {isa = PBXFileReference; fileEncoding = 4; lastKnownFileType = sourcecode.swift; path = CollectionType.swift; sourceTree = "<group>"; };
		64766A9A1BF3C1650010FD8C /* UIButton.swift */ = {isa = PBXFileReference; fileEncoding = 4; lastKnownFileType = sourcecode.swift; path = UIButton.swift; sourceTree = "<group>"; };
		64766A9C1BF3C2B20010FD8C /* UILabel.swift */ = {isa = PBXFileReference; fileEncoding = 4; lastKnownFileType = sourcecode.swift; path = UILabel.swift; sourceTree = "<group>"; };
		64766A9E1BF3DD040010FD8C /* TQuery.swift */ = {isa = PBXFileReference; fileEncoding = 4; lastKnownFileType = sourcecode.swift; path = TQuery.swift; sourceTree = "<group>"; };
		64766AA01BF3F2700010FD8C /* UIView.swift */ = {isa = PBXFileReference; fileEncoding = 4; lastKnownFileType = sourcecode.swift; path = UIView.swift; sourceTree = "<group>"; };
		648CFC9E1C1903690018746F /* TextField.swift */ = {isa = PBXFileReference; fileEncoding = 4; lastKnownFileType = sourcecode.swift; path = TextField.swift; sourceTree = "<group>"; };
		64984EA41C1B4A8D007D9640 /* CardPromptController.swift */ = {isa = PBXFileReference; fileEncoding = 4; lastKnownFileType = sourcecode.swift; path = CardPromptController.swift; sourceTree = "<group>"; };
		64984EA61C1B4D77007D9640 /* CardResponseController.swift */ = {isa = PBXFileReference; fileEncoding = 4; lastKnownFileType = sourcecode.swift; path = CardResponseController.swift; sourceTree = "<group>"; };
		649B093C1BE07C1700A3F9A4 /* CardSegue.swift */ = {isa = PBXFileReference; fileEncoding = 4; lastKnownFileType = sourcecode.swift; path = CardSegue.swift; sourceTree = "<group>"; };
		649B093E1BE08BE600A3F9A4 /* CardMultipleController.swift */ = {isa = PBXFileReference; fileEncoding = 4; lastKnownFileType = sourcecode.swift; path = CardMultipleController.swift; sourceTree = "<group>"; };
		649B09401BE08D8700A3F9A4 /* CardSelfController.swift */ = {isa = PBXFileReference; fileEncoding = 4; lastKnownFileType = sourcecode.swift; path = CardSelfController.swift; sourceTree = "<group>"; };
		649B09421BE0970E00A3F9A4 /* CardTrueFalseController.swift */ = {isa = PBXFileReference; fileEncoding = 4; lastKnownFileType = sourcecode.swift; path = CardTrueFalseController.swift; sourceTree = "<group>"; };
		649B09441BE12DA000A3F9A4 /* CardBlankController.swift */ = {isa = PBXFileReference; fileEncoding = 4; lastKnownFileType = sourcecode.swift; path = CardBlankController.swift; sourceTree = "<group>"; };
		64A1646A1BFBC22600345E55 /* File+CoreDataProperties.swift */ = {isa = PBXFileReference; fileEncoding = 4; lastKnownFileType = sourcecode.swift; path = "File+CoreDataProperties.swift"; sourceTree = "<group>"; };
		64A1646B1BFBC22600345E55 /* File.swift */ = {isa = PBXFileReference; fileEncoding = 4; lastKnownFileType = sourcecode.swift; path = File.swift; sourceTree = "<group>"; };
		64C221451BC5CE4700069B10 /* UserSettingsContainerController.swift */ = {isa = PBXFileReference; fileEncoding = 4; lastKnownFileType = sourcecode.swift; path = UserSettingsContainerController.swift; sourceTree = "<group>"; };
		64C2B98A1BFADF440028AD1C /* NSManagedObjectContext.swift */ = {isa = PBXFileReference; fileEncoding = 4; lastKnownFileType = sourcecode.swift; path = NSManagedObjectContext.swift; sourceTree = "<group>"; };
		64C2F4A31C2090F100F7C854 /* DACircularProgressView.h */ = {isa = PBXFileReference; fileEncoding = 4; lastKnownFileType = sourcecode.c.h; path = DACircularProgressView.h; sourceTree = "<group>"; };
		64C2F4A41C2090F100F7C854 /* DACircularProgressView.m */ = {isa = PBXFileReference; fileEncoding = 4; lastKnownFileType = sourcecode.c.objc; path = DACircularProgressView.m; sourceTree = "<group>"; };
		64C2F4A51C2090F100F7C854 /* DALabeledCircularProgressView.h */ = {isa = PBXFileReference; fileEncoding = 4; lastKnownFileType = sourcecode.c.h; path = DALabeledCircularProgressView.h; sourceTree = "<group>"; };
		64C2F4A61C2090F100F7C854 /* DALabeledCircularProgressView.m */ = {isa = PBXFileReference; fileEncoding = 4; lastKnownFileType = sourcecode.c.objc; path = DALabeledCircularProgressView.m; sourceTree = "<group>"; };
		64C2F4A91C2094C400F7C854 /* Bridge.h */ = {isa = PBXFileReference; lastKnownFileType = sourcecode.c.h; path = Bridge.h; sourceTree = "<group>"; };
		64D0C0D91BDFCECB006FEF44 /* Answer+CoreDataProperties.swift */ = {isa = PBXFileReference; fileEncoding = 4; lastKnownFileType = sourcecode.swift; path = "Answer+CoreDataProperties.swift"; sourceTree = "<group>"; };
		64D0C0DA1BDFCECB006FEF44 /* Answer.swift */ = {isa = PBXFileReference; fileEncoding = 4; lastKnownFileType = sourcecode.swift; path = Answer.swift; sourceTree = "<group>"; };
		64D219DB1BBB0CCB005F9094 /* User+CoreDataProperties.swift */ = {isa = PBXFileReference; fileEncoding = 4; lastKnownFileType = sourcecode.swift; path = "User+CoreDataProperties.swift"; sourceTree = "<group>"; };
		64D219DC1BBB0CCB005F9094 /* User.swift */ = {isa = PBXFileReference; fileEncoding = 4; lastKnownFileType = sourcecode.swift; path = User.swift; sourceTree = "<group>"; };
		64D219DD1BBB0CCB005F9094 /* Card+CoreDataProperties.swift */ = {isa = PBXFileReference; fileEncoding = 4; lastKnownFileType = sourcecode.swift; path = "Card+CoreDataProperties.swift"; sourceTree = "<group>"; };
		64D219DE1BBB0CCB005F9094 /* Pack+CoreDataProperties.swift */ = {isa = PBXFileReference; fileEncoding = 4; lastKnownFileType = sourcecode.swift; path = "Pack+CoreDataProperties.swift"; sourceTree = "<group>"; };
		64D219DF1BBB0CCB005F9094 /* UserPack+CoreDataProperties.swift */ = {isa = PBXFileReference; fileEncoding = 4; lastKnownFileType = sourcecode.swift; path = "UserPack+CoreDataProperties.swift"; sourceTree = "<group>"; };
		64D219E01BBB0CCB005F9094 /* UserPack.swift */ = {isa = PBXFileReference; fileEncoding = 4; lastKnownFileType = sourcecode.swift; path = UserPack.swift; sourceTree = "<group>"; };
		64D219E11BBB0CCB005F9094 /* Response+CoreDataProperties.swift */ = {isa = PBXFileReference; fileEncoding = 4; lastKnownFileType = sourcecode.swift; path = "Response+CoreDataProperties.swift"; sourceTree = "<group>"; };
		64D219E91BBB2BCE005F9094 /* NSDate.swift */ = {isa = PBXFileReference; fileEncoding = 4; lastKnownFileType = sourcecode.swift; path = NSDate.swift; sourceTree = "<group>"; };
		64D219ED1BBC62A7005F9094 /* AutoSizingTextView.swift */ = {isa = PBXFileReference; fileEncoding = 4; lastKnownFileType = sourcecode.swift; path = AutoSizingTextView.swift; sourceTree = "<group>"; };
		64D219EF1BBCAE34005F9094 /* UIViewController.swift */ = {isa = PBXFileReference; fileEncoding = 4; lastKnownFileType = sourcecode.swift; path = UIViewController.swift; sourceTree = "<group>"; };
		64D219F11BBCD05F005F9094 /* UserInviteController.swift */ = {isa = PBXFileReference; fileEncoding = 4; lastKnownFileType = sourcecode.swift; path = UserInviteController.swift; sourceTree = "<group>"; };
		64D219F31BBCD133005F9094 /* UserRegisterController.swift */ = {isa = PBXFileReference; fileEncoding = 4; lastKnownFileType = sourcecode.swift; path = UserRegisterController.swift; sourceTree = "<group>"; };
		64D580F21BB37962005EF7F2 /* StudySauce.xcdatamodel */ = {isa = PBXFileReference; lastKnownFileType = wrapper.xcdatamodel; path = StudySauce.xcdatamodel; sourceTree = "<group>"; };
		64EAF91B1BF6F825008E66E2 /* AnyObject.swift */ = {isa = PBXFileReference; fileEncoding = 4; lastKnownFileType = sourcecode.swift; path = AnyObject.swift; sourceTree = "<group>"; };
		64EAF91D1BF7059D008E66E2 /* TQueryOperators.swift */ = {isa = PBXFileReference; fileEncoding = 4; lastKnownFileType = sourcecode.swift; path = TQueryOperators.swift; sourceTree = "<group>"; };
		64ED1DB01BEB10AD00A9E2A2 /* HomeController.swift */ = {isa = PBXFileReference; fileEncoding = 4; lastKnownFileType = sourcecode.swift; path = HomeController.swift; sourceTree = "<group>"; };
		64ED1DB41BEC173700A9E2A2 /* IQNSArray+Sort.swift */ = {isa = PBXFileReference; fileEncoding = 4; lastKnownFileType = sourcecode.swift; path = "IQNSArray+Sort.swift"; sourceTree = "<group>"; };
		64ED1DB51BEC173700A9E2A2 /* IQUITextFieldView+Additions.swift */ = {isa = PBXFileReference; fileEncoding = 4; lastKnownFileType = sourcecode.swift; path = "IQUITextFieldView+Additions.swift"; sourceTree = "<group>"; };
		64ED1DB61BEC173700A9E2A2 /* IQUIView+Hierarchy.swift */ = {isa = PBXFileReference; fileEncoding = 4; lastKnownFileType = sourcecode.swift; path = "IQUIView+Hierarchy.swift"; sourceTree = "<group>"; };
		64ED1DB71BEC173700A9E2A2 /* IQUIViewController+Additions.swift */ = {isa = PBXFileReference; fileEncoding = 4; lastKnownFileType = sourcecode.swift; path = "IQUIViewController+Additions.swift"; sourceTree = "<group>"; };
		64ED1DB81BEC173700A9E2A2 /* IQUIWindow+Hierarchy.swift */ = {isa = PBXFileReference; fileEncoding = 4; lastKnownFileType = sourcecode.swift; path = "IQUIWindow+Hierarchy.swift"; sourceTree = "<group>"; };
		64ED1DBA1BEC173700A9E2A2 /* IQKeyboardManagerConstants.swift */ = {isa = PBXFileReference; fileEncoding = 4; lastKnownFileType = sourcecode.swift; path = IQKeyboardManagerConstants.swift; sourceTree = "<group>"; };
		64ED1DBB1BEC173700A9E2A2 /* IQKeyboardManagerConstantsInternal.swift */ = {isa = PBXFileReference; fileEncoding = 4; lastKnownFileType = sourcecode.swift; path = IQKeyboardManagerConstantsInternal.swift; sourceTree = "<group>"; };
		64ED1DBC1BEC173700A9E2A2 /* IQKeyboardManager.swift */ = {isa = PBXFileReference; fileEncoding = 4; lastKnownFileType = sourcecode.swift; path = IQKeyboardManager.swift; sourceTree = "<group>"; };
		64ED1DBD1BEC173700A9E2A2 /* IQKeyboardReturnKeyHandler.swift */ = {isa = PBXFileReference; fileEncoding = 4; lastKnownFileType = sourcecode.swift; path = IQKeyboardReturnKeyHandler.swift; sourceTree = "<group>"; };
		64ED1DBF1BEC173700A9E2A2 /* IQTextView.swift */ = {isa = PBXFileReference; fileEncoding = 4; lastKnownFileType = sourcecode.swift; path = IQTextView.swift; sourceTree = "<group>"; };
		64ED1DC11BEC173700A9E2A2 /* IQBarButtonItem.swift */ = {isa = PBXFileReference; fileEncoding = 4; lastKnownFileType = sourcecode.swift; path = IQBarButtonItem.swift; sourceTree = "<group>"; };
		64ED1DC21BEC173700A9E2A2 /* IQTitleBarButtonItem.swift */ = {isa = PBXFileReference; fileEncoding = 4; lastKnownFileType = sourcecode.swift; path = IQTitleBarButtonItem.swift; sourceTree = "<group>"; };
		64ED1DC31BEC173700A9E2A2 /* IQToolbar.swift */ = {isa = PBXFileReference; fileEncoding = 4; lastKnownFileType = sourcecode.swift; path = IQToolbar.swift; sourceTree = "<group>"; };
		64ED1DC41BEC173700A9E2A2 /* IQUIView+IQKeyboardToolbar.swift */ = {isa = PBXFileReference; fileEncoding = 4; lastKnownFileType = sourcecode.swift; path = "IQUIView+IQKeyboardToolbar.swift"; sourceTree = "<group>"; };
		64ED1DC61BEC173700A9E2A2 /* Info.plist */ = {isa = PBXFileReference; fileEncoding = 4; lastKnownFileType = text.plist.xml; path = Info.plist; sourceTree = "<group>"; };
		64ED1DC71BEC173700A9E2A2 /* IQKeyboardManager.bundle */ = {isa = PBXFileReference; lastKnownFileType = "wrapper.plug-in"; path = IQKeyboardManager.bundle; sourceTree = "<group>"; };
		64EF7D231BE88E730025E094 /* NSObject.swift */ = {isa = PBXFileReference; fileEncoding = 4; lastKnownFileType = sourcecode.swift; path = NSObject.swift; sourceTree = "<group>"; };
		64F5FCF41BEC30BD005AF4FC /* PackRetentionCell.swift */ = {isa = PBXFileReference; fileEncoding = 4; lastKnownFileType = sourcecode.swift; path = PackRetentionCell.swift; sourceTree = "<group>"; };
		8450524F1BA4AA3B005377D9 /* StudySauce.app */ = {isa = PBXFileReference; explicitFileType = wrapper.application; includeInIndex = 0; path = StudySauce.app; sourceTree = BUILT_PRODUCTS_DIR; };
		845052531BA4AA3B005377D9 /* Info.plist */ = {isa = PBXFileReference; lastKnownFileType = text.plist.xml; path = Info.plist; sourceTree = "<group>"; };
		845052541BA4AA3B005377D9 /* AppDelegate.swift */ = {isa = PBXFileReference; lastKnownFileType = sourcecode.swift; path = AppDelegate.swift; sourceTree = "<group>"; };
		845052561BA4AA3B005377D9 /* PackSummaryController.swift */ = {isa = PBXFileReference; lastKnownFileType = sourcecode.swift; path = PackSummaryController.swift; sourceTree = "<group>"; };
		8450525D1BA4AA3B005377D9 /* Images.xcassets */ = {isa = PBXFileReference; lastKnownFileType = folder.assetcatalog; path = Images.xcassets; sourceTree = "<group>"; };
		845052601BA4AA3B005377D9 /* Base */ = {isa = PBXFileReference; lastKnownFileType = file.xib; name = Base; path = Base.lproj/LaunchScreen.xib; sourceTree = "<group>"; };
		845052661BA4AA3C005377D9 /* StudySauceTests.xctest */ = {isa = PBXFileReference; explicitFileType = wrapper.cfbundle; includeInIndex = 0; path = StudySauceTests.xctest; sourceTree = BUILT_PRODUCTS_DIR; };
		8450526B1BA4AA3C005377D9 /* Info.plist */ = {isa = PBXFileReference; lastKnownFileType = text.plist.xml; path = Info.plist; sourceTree = "<group>"; };
		8450526C1BA4AA3C005377D9 /* StudySauceTests.swift */ = {isa = PBXFileReference; lastKnownFileType = sourcecode.swift; path = StudySauceTests.swift; sourceTree = "<group>"; };
		9D5ECB341BF3D16F00F09EE0 /* AppDelegate+Theme.swift */ = {isa = PBXFileReference; fileEncoding = 4; lastKnownFileType = sourcecode.swift; path = "AppDelegate+Theme.swift"; sourceTree = "<group>"; };
		9D5ECB361BF3D2A500F09EE0 /* UITextView.swift */ = {isa = PBXFileReference; fileEncoding = 4; lastKnownFileType = sourcecode.swift; path = UITextView.swift; sourceTree = "<group>"; };
		9D5ECB3A1BF3D47C00F09EE0 /* UITextField.swift */ = {isa = PBXFileReference; fileEncoding = 4; lastKnownFileType = sourcecode.swift; path = UITextField.swift; sourceTree = "<group>"; };
		9D764C541BC5C6AB00A54B4C /* ContactUsController.swift */ = {isa = PBXFileReference; fileEncoding = 4; lastKnownFileType = sourcecode.swift; path = ContactUsController.swift; sourceTree = "<group>"; };
		9DEAA8501BC3404600D3FFF7 /* UserSettingsController.swift */ = {isa = PBXFileReference; fileEncoding = 4; lastKnownFileType = sourcecode.swift; path = UserSettingsController.swift; sourceTree = "<group>"; };
/* End PBXFileReference section */

/* Begin PBXFrameworksBuildPhase section */
		8450524C1BA4AA3B005377D9 /* Frameworks */ = {
			isa = PBXFrameworksBuildPhase;
			buildActionMask = 2147483647;
			files = (
			);
			runOnlyForDeploymentPostprocessing = 0;
		};
		845052631BA4AA3C005377D9 /* Frameworks */ = {
			isa = PBXFrameworksBuildPhase;
			buildActionMask = 2147483647;
			files = (
			);
			runOnlyForDeploymentPostprocessing = 0;
		};
/* End PBXFrameworksBuildPhase section */

/* Begin PBXGroup section */
		6401F49F1BB5DF11004E0163 /* Models */ = {
			isa = PBXGroup;
			children = (
				64D580F11BB37962005EF7F2 /* StudySauce.xcdatamodeld */,
				64D219E11BBB0CCB005F9094 /* Response+CoreDataProperties.swift */,
				6401F4941BB52A78004E0163 /* Response.swift */,
				64D219DE1BBB0CCB005F9094 /* Pack+CoreDataProperties.swift */,
				6401F4961BB52A78004E0163 /* Pack.swift */,
				64D219DD1BBB0CCB005F9094 /* Card+CoreDataProperties.swift */,
				6401F4981BB52A78004E0163 /* Card.swift */,
				64D219DB1BBB0CCB005F9094 /* User+CoreDataProperties.swift */,
				64D219DC1BBB0CCB005F9094 /* User.swift */,
				64D219DF1BBB0CCB005F9094 /* UserPack+CoreDataProperties.swift */,
				64D219E01BBB0CCB005F9094 /* UserPack.swift */,
				64D0C0D91BDFCECB006FEF44 /* Answer+CoreDataProperties.swift */,
				64D0C0DA1BDFCECB006FEF44 /* Answer.swift */,
				64A1646A1BFBC22600345E55 /* File+CoreDataProperties.swift */,
				64A1646B1BFBC22600345E55 /* File.swift */,
			);
			name = Models;
			sourceTree = "<group>";
		};
		6401F4A01BB5DF26004E0163 /* Controllers */ = {
			isa = PBXGroup;
			children = (
				845052561BA4AA3B005377D9 /* PackSummaryController.swift */,
				644C4A651BB3536E00E4D52A /* PackResultsController.swift */,
				644C4A611BB3516F00E4D52A /* CardController.swift */,
				649B09401BE08D8700A3F9A4 /* CardSelfController.swift */,
				649B093E1BE08BE600A3F9A4 /* CardMultipleController.swift */,
				64984EA41C1B4A8D007D9640 /* CardPromptController.swift */,
				64984EA61C1B4D77007D9640 /* CardResponseController.swift */,
				649B09421BE0970E00A3F9A4 /* CardTrueFalseController.swift */,
				649B09441BE12DA000A3F9A4 /* CardBlankController.swift */,
				64D219F11BBCD05F005F9094 /* UserInviteController.swift */,
				64D219F31BBCD133005F9094 /* UserRegisterController.swift */,
				642354171BBE189100B068DB /* UserLoginController.swift */,
				9DEAA8501BC3404600D3FFF7 /* UserSettingsController.swift */,
				64C221451BC5CE4700069B10 /* UserSettingsContainerController.swift */,
				64291C5E1BC595EB005AA348 /* UserResetController.swift */,
				9D764C541BC5C6AB00A54B4C /* ContactUsController.swift */,
				64570BDD1BC64C6100F9C6EB /* DialogController.swift */,
				64ED1DB01BEB10AD00A9E2A2 /* HomeController.swift */,
			);
			name = Controllers;
			sourceTree = "<group>";
		};
		6401F4A11BB5DF7F004E0163 /* Views */ = {
			isa = PBXGroup;
			children = (
				64D219ED1BBC62A7005F9094 /* AutoSizingTextView.swift */,
				644C4A5F1BB20AFE00E4D52A /* PackSummaryCell.swift */,
				64F5FCF41BEC30BD005AF4FC /* PackRetentionCell.swift */,
				64291C601BC5A2CD005AA348 /* SaucyButton.swift */,
				648CFC9E1C1903690018746F /* TextField.swift */,
			);
			name = Views;
			sourceTree = "<group>";
		};
		64C2F4A21C2090F100F7C854 /* DACircularProgress */ = {
			isa = PBXGroup;
			children = (
				64C2F4A31C2090F100F7C854 /* DACircularProgressView.h */,
				64C2F4A41C2090F100F7C854 /* DACircularProgressView.m */,
				64C2F4A51C2090F100F7C854 /* DALabeledCircularProgressView.h */,
				64C2F4A61C2090F100F7C854 /* DALabeledCircularProgressView.m */,
			);
			path = DACircularProgress;
			sourceTree = "<group>";
		};
		64D219EC1BBB2BDC005F9094 /* Extensions */ = {
			isa = PBXGroup;
			children = (
				64D219E91BBB2BCE005F9094 /* NSDate.swift */,
				64D219EF1BBCAE34005F9094 /* UIViewController.swift */,
				64570BDB1BC64B4D00F9C6EB /* String.swift */,
				642290BC1BCDC4ED00CD7898 /* NSUrl.swift */,
				649B093C1BE07C1700A3F9A4 /* CardSegue.swift */,
				64292E101BE2F3C60038505B /* CardTransitionManager.swift */,
				643C203F1BE461CE00A89A3F /* UIColor.swift */,
				64EF7D231BE88E730025E094 /* NSObject.swift */,
				6469661E1BF2F1990081FC3F /* CollectionType.swift */,
				64EAF91B1BF6F825008E66E2 /* AnyObject.swift */,
				64C2B98A1BFADF440028AD1C /* NSManagedObjectContext.swift */,
				64306E0E1BFE62AD0069BF1F /* JSON.swift */,
			);
			name = Extensions;
			sourceTree = "<group>";
		};
		64ED1DB21BEC173700A9E2A2 /* IQKeyboardManagerSwift */ = {
			isa = PBXGroup;
			children = (
				64ED1DB31BEC173700A9E2A2 /* Categories */,
				64ED1DB91BEC173700A9E2A2 /* Constants */,
				64ED1DBC1BEC173700A9E2A2 /* IQKeyboardManager.swift */,
				64ED1DBD1BEC173700A9E2A2 /* IQKeyboardReturnKeyHandler.swift */,
				64ED1DBE1BEC173700A9E2A2 /* IQTextView */,
				64ED1DC01BEC173700A9E2A2 /* IQToolbar */,
				64ED1DC51BEC173700A9E2A2 /* Resources */,
			);
			path = IQKeyboardManagerSwift;
			sourceTree = "<group>";
		};
		64ED1DB31BEC173700A9E2A2 /* Categories */ = {
			isa = PBXGroup;
			children = (
				64ED1DB41BEC173700A9E2A2 /* IQNSArray+Sort.swift */,
				64ED1DB51BEC173700A9E2A2 /* IQUITextFieldView+Additions.swift */,
				64ED1DB61BEC173700A9E2A2 /* IQUIView+Hierarchy.swift */,
				64ED1DB71BEC173700A9E2A2 /* IQUIViewController+Additions.swift */,
				64ED1DB81BEC173700A9E2A2 /* IQUIWindow+Hierarchy.swift */,
			);
			path = Categories;
			sourceTree = "<group>";
		};
		64ED1DB91BEC173700A9E2A2 /* Constants */ = {
			isa = PBXGroup;
			children = (
				64ED1DBA1BEC173700A9E2A2 /* IQKeyboardManagerConstants.swift */,
				64ED1DBB1BEC173700A9E2A2 /* IQKeyboardManagerConstantsInternal.swift */,
			);
			path = Constants;
			sourceTree = "<group>";
		};
		64ED1DBE1BEC173700A9E2A2 /* IQTextView */ = {
			isa = PBXGroup;
			children = (
				64ED1DBF1BEC173700A9E2A2 /* IQTextView.swift */,
			);
			path = IQTextView;
			sourceTree = "<group>";
		};
		64ED1DC01BEC173700A9E2A2 /* IQToolbar */ = {
			isa = PBXGroup;
			children = (
				64ED1DC11BEC173700A9E2A2 /* IQBarButtonItem.swift */,
				64ED1DC21BEC173700A9E2A2 /* IQTitleBarButtonItem.swift */,
				64ED1DC31BEC173700A9E2A2 /* IQToolbar.swift */,
				64ED1DC41BEC173700A9E2A2 /* IQUIView+IQKeyboardToolbar.swift */,
			);
			path = IQToolbar;
			sourceTree = "<group>";
		};
		64ED1DC51BEC173700A9E2A2 /* Resources */ = {
			isa = PBXGroup;
			children = (
				64ED1DC61BEC173700A9E2A2 /* Info.plist */,
				64ED1DC71BEC173700A9E2A2 /* IQKeyboardManager.bundle */,
			);
			path = Resources;
			sourceTree = "<group>";
		};
		845052461BA4AA3B005377D9 = {
			isa = PBXGroup;
			children = (
				845052511BA4AA3B005377D9 /* StudySauce */,
				845052691BA4AA3C005377D9 /* StudySauceTests */,
				845052501BA4AA3B005377D9 /* Products */,
			);
			sourceTree = "<group>";
		};
		845052501BA4AA3B005377D9 /* Products */ = {
			isa = PBXGroup;
			children = (
				8450524F1BA4AA3B005377D9 /* StudySauce.app */,
				845052661BA4AA3C005377D9 /* StudySauceTests.xctest */,
			);
			name = Products;
			sourceTree = "<group>";
		};
		845052511BA4AA3B005377D9 /* StudySauce */ = {
			isa = PBXGroup;
			children = (
				64C2F4A21C2090F100F7C854 /* DACircularProgress */,
				643838651C12758500AF2314 /* StudySauce.entitlements */,
				845052541BA4AA3B005377D9 /* AppDelegate.swift */,
				9D5ECB341BF3D16F00F09EE0 /* AppDelegate+Theme.swift */,
				6401F4A01BB5DF26004E0163 /* Controllers */,
				6401F49F1BB5DF11004E0163 /* Models */,
				6401F4A11BB5DF7F004E0163 /* Views */,
				845052521BA4AA3B005377D9 /* Supporting Files */,
				9D5ECB331BF3D14900F09EE0 /* Theme */,
				64D219EC1BBB2BDC005F9094 /* Extensions */,
				64ED1DB21BEC173700A9E2A2 /* IQKeyboardManagerSwift */,
			);
			path = StudySauce;
			sourceTree = "<group>";
		};
		845052521BA4AA3B005377D9 /* Supporting Files */ = {
			isa = PBXGroup;
			children = (
				642354141BBDFDD800B068DB /* Main.storyboard */,
				8450525D1BA4AA3B005377D9 /* Images.xcassets */,
				8450525F1BA4AA3B005377D9 /* LaunchScreen.xib */,
				845052531BA4AA3B005377D9 /* Info.plist */,
				64C2F4A91C2094C400F7C854 /* Bridge.h */,
			);
			name = "Supporting Files";
			sourceTree = "<group>";
		};
		845052691BA4AA3C005377D9 /* StudySauceTests */ = {
			isa = PBXGroup;
			children = (
				8450526C1BA4AA3C005377D9 /* StudySauceTests.swift */,
				8450526A1BA4AA3C005377D9 /* Supporting Files */,
			);
			path = StudySauceTests;
			sourceTree = "<group>";
		};
		8450526A1BA4AA3C005377D9 /* Supporting Files */ = {
			isa = PBXGroup;
			children = (
				8450526B1BA4AA3C005377D9 /* Info.plist */,
			);
			name = "Supporting Files";
			sourceTree = "<group>";
		};
		9D5ECB331BF3D14900F09EE0 /* Theme */ = {
			isa = PBXGroup;
			children = (
				64766A9A1BF3C1650010FD8C /* UIButton.swift */,
				64766A9C1BF3C2B20010FD8C /* UILabel.swift */,
				9D5ECB361BF3D2A500F09EE0 /* UITextView.swift */,
				9D5ECB3A1BF3D47C00F09EE0 /* UITextField.swift */,
				64766A9E1BF3DD040010FD8C /* TQuery.swift */,
				64EAF91D1BF7059D008E66E2 /* TQueryOperators.swift */,
				64766AA01BF3F2700010FD8C /* UIView.swift */,
				641E66ED1BF6517F00BAAD6C /* UITableViewHeaderFooterView.swift */,
			);
			name = Theme;
			sourceTree = "<group>";
		};
/* End PBXGroup section */

/* Begin PBXNativeTarget section */
		8450524E1BA4AA3B005377D9 /* StudySauce */ = {
			isa = PBXNativeTarget;
			buildConfigurationList = 845052701BA4AA3C005377D9 /* Build configuration list for PBXNativeTarget "StudySauce" */;
			buildPhases = (
				8450524B1BA4AA3B005377D9 /* Sources */,
				8450524C1BA4AA3B005377D9 /* Frameworks */,
				8450524D1BA4AA3B005377D9 /* Resources */,
			);
			buildRules = (
			);
			dependencies = (
			);
			name = StudySauce;
			productName = StudySauce;
			productReference = 8450524F1BA4AA3B005377D9 /* StudySauce.app */;
			productType = "com.apple.product-type.application";
		};
		845052651BA4AA3C005377D9 /* StudySauceTests */ = {
			isa = PBXNativeTarget;
			buildConfigurationList = 845052731BA4AA3C005377D9 /* Build configuration list for PBXNativeTarget "StudySauceTests" */;
			buildPhases = (
				845052621BA4AA3C005377D9 /* Sources */,
				845052631BA4AA3C005377D9 /* Frameworks */,
				845052641BA4AA3C005377D9 /* Resources */,
			);
			buildRules = (
			);
			dependencies = (
				845052681BA4AA3C005377D9 /* PBXTargetDependency */,
			);
			name = StudySauceTests;
			productName = StudySauceTests;
			productReference = 845052661BA4AA3C005377D9 /* StudySauceTests.xctest */;
			productType = "com.apple.product-type.bundle.unit-test";
		};
/* End PBXNativeTarget section */

/* Begin PBXProject section */
		845052471BA4AA3B005377D9 /* Project object */ = {
			isa = PBXProject;
			attributes = {
				LastSwiftMigration = 0700;
				LastSwiftUpdateCheck = 0700;
				LastUpgradeCheck = 0700;
				ORGANIZATIONNAME = "The Study Institute";
				TargetAttributes = {
					8450524E1BA4AA3B005377D9 = {
						CreatedOnToolsVersion = 6.4;
						DevelopmentTeam = 3MV67NZ3PZ;
						SystemCapabilities = {
							com.apple.Push = {
								enabled = 0;
							};
							com.apple.SafariKeychain = {
								enabled = 1;
							};
						};
					};
					845052651BA4AA3C005377D9 = {
						CreatedOnToolsVersion = 6.4;
						TestTargetID = 8450524E1BA4AA3B005377D9;
					};
				};
			};
			buildConfigurationList = 8450524A1BA4AA3B005377D9 /* Build configuration list for PBXProject "StudySauce" */;
			compatibilityVersion = "Xcode 3.2";
			developmentRegion = English;
			hasScannedForEncodings = 0;
			knownRegions = (
				en,
				Base,
			);
			mainGroup = 845052461BA4AA3B005377D9;
			productRefGroup = 845052501BA4AA3B005377D9 /* Products */;
			projectDirPath = "";
			projectRoot = "";
			targets = (
				8450524E1BA4AA3B005377D9 /* StudySauce */,
				845052651BA4AA3C005377D9 /* StudySauceTests */,
			);
		};
/* End PBXProject section */

/* Begin PBXResourcesBuildPhase section */
		8450524D1BA4AA3B005377D9 /* Resources */ = {
			isa = PBXResourcesBuildPhase;
			buildActionMask = 2147483647;
			files = (
				64ED1DD71BEC173700A9E2A2 /* IQKeyboardManager.bundle in Resources */,
				64ED1DD61BEC173700A9E2A2 /* Info.plist in Resources */,
				642354161BBDFDD800B068DB /* Main.storyboard in Resources */,
				845052611BA4AA3B005377D9 /* LaunchScreen.xib in Resources */,
				8450525E1BA4AA3B005377D9 /* Images.xcassets in Resources */,
			);
			runOnlyForDeploymentPostprocessing = 0;
		};
		845052641BA4AA3C005377D9 /* Resources */ = {
			isa = PBXResourcesBuildPhase;
			buildActionMask = 2147483647;
			files = (
			);
			runOnlyForDeploymentPostprocessing = 0;
		};
/* End PBXResourcesBuildPhase section */

/* Begin PBXSourcesBuildPhase section */
		8450524B1BA4AA3B005377D9 /* Sources */ = {
			isa = PBXSourcesBuildPhase;
			buildActionMask = 2147483647;
			files = (
				642354181BBE189100B068DB /* UserLoginController.swift in Sources */,
				64ED1DCD1BEC173700A9E2A2 /* IQKeyboardManagerConstants.swift in Sources */,
				649B093F1BE08BE600A3F9A4 /* CardMultipleController.swift in Sources */,
				64D219E81BBB0CCB005F9094 /* Response+CoreDataProperties.swift in Sources */,
				64766A9F1BF3DD040010FD8C /* TQuery.swift in Sources */,
				64EF7D241BE88E730025E094 /* NSObject.swift in Sources */,
				64ED1DC91BEC173700A9E2A2 /* IQUITextFieldView+Additions.swift in Sources */,
				64D219F41BBCD133005F9094 /* UserRegisterController.swift in Sources */,
				64EAF91E1BF7059D008E66E2 /* TQueryOperators.swift in Sources */,
				9D764C551BC5C6AB00A54B4C /* ContactUsController.swift in Sources */,
				64C2F4A71C2090F100F7C854 /* DACircularProgressView.m in Sources */,
				64D580F31BB37962005EF7F2 /* StudySauce.xcdatamodeld in Sources */,
				644C4A621BB3516F00E4D52A /* CardController.swift in Sources */,
				64306E0F1BFE62AD0069BF1F /* JSON.swift in Sources */,
				644C4A661BB3536E00E4D52A /* PackResultsController.swift in Sources */,
				649B09431BE0970E00A3F9A4 /* CardTrueFalseController.swift in Sources */,
				64D219EA1BBB2BCE005F9094 /* NSDate.swift in Sources */,
				64ED1DD31BEC173700A9E2A2 /* IQTitleBarButtonItem.swift in Sources */,
				64ED1DD41BEC173700A9E2A2 /* IQToolbar.swift in Sources */,
				64D219E61BBB0CCB005F9094 /* UserPack+CoreDataProperties.swift in Sources */,
				64D219EE1BBC62A7005F9094 /* AutoSizingTextView.swift in Sources */,
				64984EA71C1B4D77007D9640 /* CardResponseController.swift in Sources */,
				64ED1DD11BEC173700A9E2A2 /* IQTextView.swift in Sources */,
				9D5ECB3B1BF3D47C00F09EE0 /* UITextField.swift in Sources */,
				64ED1DCC1BEC173700A9E2A2 /* IQUIWindow+Hierarchy.swift in Sources */,
				64ED1DCB1BEC173700A9E2A2 /* IQUIViewController+Additions.swift in Sources */,
				649B09411BE08D8700A3F9A4 /* CardSelfController.swift in Sources */,
				64292E111BE2F3C60038505B /* CardTransitionManager.swift in Sources */,
				64ED1DC81BEC173700A9E2A2 /* IQNSArray+Sort.swift in Sources */,
				64D0C0DB1BDFCECB006FEF44 /* Answer+CoreDataProperties.swift in Sources */,
				64291C5F1BC595EB005AA348 /* UserResetController.swift in Sources */,
				64ED1DD51BEC173700A9E2A2 /* IQUIView+IQKeyboardToolbar.swift in Sources */,
				64984EA51C1B4A8D007D9640 /* CardPromptController.swift in Sources */,
				642290BD1BCDC4ED00CD7898 /* NSUrl.swift in Sources */,
				64570BDC1BC64B4D00F9C6EB /* String.swift in Sources */,
				64ED1DD01BEC173700A9E2A2 /* IQKeyboardReturnKeyHandler.swift in Sources */,
				64EAF91C1BF6F825008E66E2 /* AnyObject.swift in Sources */,
				6401F49E1BB52A78004E0163 /* Card.swift in Sources */,
				64D0C0DC1BDFCECB006FEF44 /* Answer.swift in Sources */,
				64ED1DD21BEC173700A9E2A2 /* IQBarButtonItem.swift in Sources */,
				9DEAA8511BC3404600D3FFF7 /* UserSettingsController.swift in Sources */,
				64766A9B1BF3C1650010FD8C /* UIButton.swift in Sources */,
				6401F49A1BB52A78004E0163 /* Response.swift in Sources */,
				649B093D1BE07C1700A3F9A4 /* CardSegue.swift in Sources */,
				64C221461BC5CE4700069B10 /* UserSettingsContainerController.swift in Sources */,
				64D219E71BBB0CCB005F9094 /* UserPack.swift in Sources */,
				64766A9D1BF3C2B20010FD8C /* UILabel.swift in Sources */,
				64ED1DCA1BEC173700A9E2A2 /* IQUIView+Hierarchy.swift in Sources */,
				64D219F21BBCD05F005F9094 /* UserInviteController.swift in Sources */,
				64ED1DCE1BEC173700A9E2A2 /* IQKeyboardManagerConstantsInternal.swift in Sources */,
				64766AA11BF3F2700010FD8C /* UIView.swift in Sources */,
				64291C611BC5A2CD005AA348 /* SaucyButton.swift in Sources */,
				643C20401BE461CE00A89A3F /* UIColor.swift in Sources */,
				64D219E51BBB0CCB005F9094 /* Pack+CoreDataProperties.swift in Sources */,
				648CFC9F1C1903690018746F /* TextField.swift in Sources */,
				6401F49C1BB52A78004E0163 /* Pack.swift in Sources */,
				649B09451BE12DA000A3F9A4 /* CardBlankController.swift in Sources */,
				641E66EE1BF6517F00BAAD6C /* UITableViewHeaderFooterView.swift in Sources */,
				9D5ECB371BF3D2A500F09EE0 /* UITextView.swift in Sources */,
				64D219E21BBB0CCB005F9094 /* User+CoreDataProperties.swift in Sources */,
				64D219F01BBCAE34005F9094 /* UIViewController.swift in Sources */,
				64C2F4A81C2090F100F7C854 /* DALabeledCircularProgressView.m in Sources */,
				64570BDE1BC64C6100F9C6EB /* DialogController.swift in Sources */,
				64D219E31BBB0CCB005F9094 /* User.swift in Sources */,
				64ED1DCF1BEC173700A9E2A2 /* IQKeyboardManager.swift in Sources */,
				64A1646D1BFBC22600345E55 /* File.swift in Sources */,
				9D5ECB351BF3D16F00F09EE0 /* AppDelegate+Theme.swift in Sources */,
				6469661F1BF2F1990081FC3F /* CollectionType.swift in Sources */,
				644C4A601BB20AFE00E4D52A /* PackSummaryCell.swift in Sources */,
				64F5FCF51BEC30BD005AF4FC /* PackRetentionCell.swift in Sources */,
				64A1646C1BFBC22600345E55 /* File+CoreDataProperties.swift in Sources */,
				845052571BA4AA3B005377D9 /* PackSummaryController.swift in Sources */,
				845052551BA4AA3B005377D9 /* AppDelegate.swift in Sources */,
				64ED1DB11BEB10AD00A9E2A2 /* HomeController.swift in Sources */,
				64D219E41BBB0CCB005F9094 /* Card+CoreDataProperties.swift in Sources */,
				64C2B98B1BFADF440028AD1C /* NSManagedObjectContext.swift in Sources */,
			);
			runOnlyForDeploymentPostprocessing = 0;
		};
		845052621BA4AA3C005377D9 /* Sources */ = {
			isa = PBXSourcesBuildPhase;
			buildActionMask = 2147483647;
			files = (
				8450526D1BA4AA3C005377D9 /* StudySauceTests.swift in Sources */,
			);
			runOnlyForDeploymentPostprocessing = 0;
		};
/* End PBXSourcesBuildPhase section */

/* Begin PBXTargetDependency section */
		845052681BA4AA3C005377D9 /* PBXTargetDependency */ = {
			isa = PBXTargetDependency;
			target = 8450524E1BA4AA3B005377D9 /* StudySauce */;
			targetProxy = 845052671BA4AA3C005377D9 /* PBXContainerItemProxy */;
		};
/* End PBXTargetDependency section */

/* Begin PBXVariantGroup section */
		642354141BBDFDD800B068DB /* Main.storyboard */ = {
			isa = PBXVariantGroup;
			children = (
				642354151BBDFDD800B068DB /* Base */,
			);
			name = Main.storyboard;
			sourceTree = "<group>";
		};
		8450525F1BA4AA3B005377D9 /* LaunchScreen.xib */ = {
			isa = PBXVariantGroup;
			children = (
				845052601BA4AA3B005377D9 /* Base */,
			);
			name = LaunchScreen.xib;
			sourceTree = "<group>";
		};
/* End PBXVariantGroup section */

/* Begin XCBuildConfiguration section */
		8450526E1BA4AA3C005377D9 /* Debug */ = {
			isa = XCBuildConfiguration;
			buildSettings = {
				ALWAYS_SEARCH_USER_PATHS = NO;
				CLANG_CXX_LANGUAGE_STANDARD = "gnu++0x";
				CLANG_CXX_LIBRARY = "libc++";
				CLANG_ENABLE_MODULES = YES;
				CLANG_ENABLE_OBJC_ARC = YES;
				CLANG_WARN_BOOL_CONVERSION = YES;
				CLANG_WARN_CONSTANT_CONVERSION = YES;
				CLANG_WARN_DIRECT_OBJC_ISA_USAGE = YES_ERROR;
				CLANG_WARN_EMPTY_BODY = YES;
				CLANG_WARN_ENUM_CONVERSION = YES;
				CLANG_WARN_INT_CONVERSION = YES;
				CLANG_WARN_OBJC_ROOT_CLASS = YES_ERROR;
				CLANG_WARN_UNREACHABLE_CODE = YES;
				CLANG_WARN__DUPLICATE_METHOD_MATCH = YES;
				"CODE_SIGN_IDENTITY[sdk=iphoneos*]" = "iPhone Developer";
				COPY_PHASE_STRIP = NO;
				DEBUG_INFORMATION_FORMAT = "dwarf-with-dsym";
				ENABLE_STRICT_OBJC_MSGSEND = YES;
				ENABLE_TESTABILITY = YES;
				GCC_C_LANGUAGE_STANDARD = gnu99;
				GCC_DYNAMIC_NO_PIC = NO;
				GCC_NO_COMMON_BLOCKS = YES;
				GCC_OPTIMIZATION_LEVEL = 0;
				GCC_PREPROCESSOR_DEFINITIONS = (
					"DEBUG=1",
					"$(inherited)",
				);
				GCC_SYMBOLS_PRIVATE_EXTERN = NO;
				GCC_WARN_64_TO_32_BIT_CONVERSION = YES;
				GCC_WARN_ABOUT_RETURN_TYPE = YES_ERROR;
				GCC_WARN_UNDECLARED_SELECTOR = YES;
				GCC_WARN_UNINITIALIZED_AUTOS = YES_AGGRESSIVE;
				GCC_WARN_UNUSED_FUNCTION = YES;
				GCC_WARN_UNUSED_VARIABLE = YES;
				IPHONEOS_DEPLOYMENT_TARGET = 8.4;
				MTL_ENABLE_DEBUG_INFO = YES;
				ONLY_ACTIVE_ARCH = YES;
				SDKROOT = iphoneos;
				SWIFT_OPTIMIZATION_LEVEL = "-Onone";
				TARGETED_DEVICE_FAMILY = "1,2";
			};
			name = Debug;
		};
		8450526F1BA4AA3C005377D9 /* Release */ = {
			isa = XCBuildConfiguration;
			buildSettings = {
				ALWAYS_SEARCH_USER_PATHS = NO;
				CLANG_CXX_LANGUAGE_STANDARD = "gnu++0x";
				CLANG_CXX_LIBRARY = "libc++";
				CLANG_ENABLE_MODULES = YES;
				CLANG_ENABLE_OBJC_ARC = YES;
				CLANG_WARN_BOOL_CONVERSION = YES;
				CLANG_WARN_CONSTANT_CONVERSION = YES;
				CLANG_WARN_DIRECT_OBJC_ISA_USAGE = YES_ERROR;
				CLANG_WARN_EMPTY_BODY = YES;
				CLANG_WARN_ENUM_CONVERSION = YES;
				CLANG_WARN_INT_CONVERSION = YES;
				CLANG_WARN_OBJC_ROOT_CLASS = YES_ERROR;
				CLANG_WARN_UNREACHABLE_CODE = YES;
				CLANG_WARN__DUPLICATE_METHOD_MATCH = YES;
				"CODE_SIGN_IDENTITY[sdk=iphoneos*]" = "iPhone Developer";
				COPY_PHASE_STRIP = NO;
				DEBUG_INFORMATION_FORMAT = "dwarf-with-dsym";
				ENABLE_NS_ASSERTIONS = NO;
				ENABLE_STRICT_OBJC_MSGSEND = YES;
				GCC_C_LANGUAGE_STANDARD = gnu99;
				GCC_NO_COMMON_BLOCKS = YES;
				GCC_WARN_64_TO_32_BIT_CONVERSION = YES;
				GCC_WARN_ABOUT_RETURN_TYPE = YES_ERROR;
				GCC_WARN_UNDECLARED_SELECTOR = YES;
				GCC_WARN_UNINITIALIZED_AUTOS = YES_AGGRESSIVE;
				GCC_WARN_UNUSED_FUNCTION = YES;
				GCC_WARN_UNUSED_VARIABLE = YES;
				IPHONEOS_DEPLOYMENT_TARGET = 8.4;
				MTL_ENABLE_DEBUG_INFO = NO;
				SDKROOT = iphoneos;
				TARGETED_DEVICE_FAMILY = "1,2";
				VALIDATE_PRODUCT = YES;
			};
			name = Release;
		};
		845052711BA4AA3C005377D9 /* Debug */ = {
			isa = XCBuildConfiguration;
			buildSettings = {
				ASSETCATALOG_COMPILER_APPICON_NAME = AppIcon;
				CODE_SIGN_ENTITLEMENTS = StudySauce/StudySauce.entitlements;
				CODE_SIGN_IDENTITY = "iPhone Developer";
				"CODE_SIGN_IDENTITY[sdk=iphoneos*]" = "iPhone Developer";
				INFOPLIST_FILE = StudySauce/Info.plist;
				IPHONEOS_DEPLOYMENT_TARGET = 9.1;
				LD_RUNPATH_SEARCH_PATHS = "$(inherited) @executable_path/Frameworks";
				OTHER_SWIFT_FLAGS = "-DDEBUG";
				PRODUCT_BUNDLE_IDENTIFIER = com.studysauce.companyapp;
				PRODUCT_NAME = "$(TARGET_NAME)";
				PROVISIONING_PROFILE = "";
				SWIFT_OBJC_BRIDGING_HEADER = ./StudySauce/Bridge.h;
			};
			name = Debug;
		};
		845052721BA4AA3C005377D9 /* Release */ = {
			isa = XCBuildConfiguration;
			buildSettings = {
				ASSETCATALOG_COMPILER_APPICON_NAME = AppIcon;
				CODE_SIGN_ENTITLEMENTS = StudySauce/StudySauce.entitlements;
				CODE_SIGN_IDENTITY = "iPhone Developer";
				"CODE_SIGN_IDENTITY[sdk=iphoneos*]" = "iPhone Developer";
				INFOPLIST_FILE = StudySauce/Info.plist;
				IPHONEOS_DEPLOYMENT_TARGET = 9.1;
				LD_RUNPATH_SEARCH_PATHS = "$(inherited) @executable_path/Frameworks";
				OTHER_SWIFT_FLAGS = "-DRELEASE";
				PRODUCT_BUNDLE_IDENTIFIER = com.studysauce.companyapp;
				PRODUCT_NAME = "$(TARGET_NAME)";
				PROVISIONING_PROFILE = "";
				SWIFT_OBJC_BRIDGING_HEADER = ./StudySauce/Bridge.h;
			};
			name = Release;
		};
		845052741BA4AA3C005377D9 /* Debug */ = {
			isa = XCBuildConfiguration;
			buildSettings = {
				BUNDLE_LOADER = "$(TEST_HOST)";
				FRAMEWORK_SEARCH_PATHS = (
					"$(SDKROOT)/Developer/Library/Frameworks",
					"$(inherited)",
				);
				GCC_PREPROCESSOR_DEFINITIONS = (
					"DEBUG=1",
					"$(inherited)",
				);
				INFOPLIST_FILE = StudySauceTests/Info.plist;
				LD_RUNPATH_SEARCH_PATHS = "$(inherited) @executable_path/Frameworks @loader_path/Frameworks";
				PRODUCT_BUNDLE_IDENTIFIER = "studysauce.com.$(PRODUCT_NAME:rfc1034identifier)";
				PRODUCT_NAME = "$(TARGET_NAME)";
				TEST_HOST = "$(BUILT_PRODUCTS_DIR)/StudySauce.app/StudySauce";
			};
			name = Debug;
		};
		845052751BA4AA3C005377D9 /* Release */ = {
			isa = XCBuildConfiguration;
			buildSettings = {
				BUNDLE_LOADER = "$(TEST_HOST)";
				FRAMEWORK_SEARCH_PATHS = (
					"$(SDKROOT)/Developer/Library/Frameworks",
					"$(inherited)",
				);
				INFOPLIST_FILE = StudySauceTests/Info.plist;
				LD_RUNPATH_SEARCH_PATHS = "$(inherited) @executable_path/Frameworks @loader_path/Frameworks";
				PRODUCT_BUNDLE_IDENTIFIER = "studysauce.com.$(PRODUCT_NAME:rfc1034identifier)";
				PRODUCT_NAME = "$(TARGET_NAME)";
				TEST_HOST = "$(BUILT_PRODUCTS_DIR)/StudySauce.app/StudySauce";
			};
			name = Release;
		};
/* End XCBuildConfiguration section */

/* Begin XCConfigurationList section */
		8450524A1BA4AA3B005377D9 /* Build configuration list for PBXProject "StudySauce" */ = {
			isa = XCConfigurationList;
			buildConfigurations = (
				8450526E1BA4AA3C005377D9 /* Debug */,
				8450526F1BA4AA3C005377D9 /* Release */,
			);
			defaultConfigurationIsVisible = 0;
			defaultConfigurationName = Release;
		};
		845052701BA4AA3C005377D9 /* Build configuration list for PBXNativeTarget "StudySauce" */ = {
			isa = XCConfigurationList;
			buildConfigurations = (
				845052711BA4AA3C005377D9 /* Debug */,
				845052721BA4AA3C005377D9 /* Release */,
			);
			defaultConfigurationIsVisible = 0;
			defaultConfigurationName = Release;
		};
		845052731BA4AA3C005377D9 /* Build configuration list for PBXNativeTarget "StudySauceTests" */ = {
			isa = XCConfigurationList;
			buildConfigurations = (
				845052741BA4AA3C005377D9 /* Debug */,
				845052751BA4AA3C005377D9 /* Release */,
			);
			defaultConfigurationIsVisible = 0;
			defaultConfigurationName = Release;
		};
/* End XCConfigurationList section */

/* Begin XCVersionGroup section */
		64D580F11BB37962005EF7F2 /* StudySauce.xcdatamodeld */ = {
			isa = XCVersionGroup;
			children = (
				64D580F21BB37962005EF7F2 /* StudySauce.xcdatamodel */,
			);
			currentVersion = 64D580F21BB37962005EF7F2 /* StudySauce.xcdatamodel */;
			path = StudySauce.xcdatamodeld;
			sourceTree = "<group>";
			versionGroupType = wrapper.xcdatamodel;
		};
/* End XCVersionGroup section */
	};
	rootObject = 845052471BA4AA3B005377D9 /* Project object */;
}
